// !$*UTF8*$!
{
	archiveVersion = 1;
	classes = {
	};
	objectVersion = 56;
	objects = {

/* Begin PBXBuildFile section */
		8705D8782A978427002BBDC2 /* AppDelegate.swift in Sources */ = {isa = PBXBuildFile; fileRef = 8705D8772A978427002BBDC2 /* AppDelegate.swift */; };
		8705D87A2A978427002BBDC2 /* SceneDelegate.swift in Sources */ = {isa = PBXBuildFile; fileRef = 8705D8792A978427002BBDC2 /* SceneDelegate.swift */; };
		8705D87C2A978427002BBDC2 /* ViewController.swift in Sources */ = {isa = PBXBuildFile; fileRef = 8705D87B2A978427002BBDC2 /* ViewController.swift */; };
		8705D87F2A978427002BBDC2 /* Main.storyboard in Resources */ = {isa = PBXBuildFile; fileRef = 8705D87D2A978427002BBDC2 /* Main.storyboard */; };
		8705D8812A978428002BBDC2 /* Assets.xcassets in Resources */ = {isa = PBXBuildFile; fileRef = 8705D8802A978428002BBDC2 /* Assets.xcassets */; };
		8705D8842A978428002BBDC2 /* LaunchScreen.storyboard in Resources */ = {isa = PBXBuildFile; fileRef = 8705D8822A978428002BBDC2 /* LaunchScreen.storyboard */; };
		8705D88D2A978716002BBDC2 /* StartViewController.swift in Sources */ = {isa = PBXBuildFile; fileRef = 8705D88C2A978716002BBDC2 /* StartViewController.swift */; };
		8705D88F2A97876F002BBDC2 /* RootMainApplicitionController.swift in Sources */ = {isa = PBXBuildFile; fileRef = 8705D88E2A97876F002BBDC2 /* RootMainApplicitionController.swift */; };
		8705D8942A9789AD002BBDC2 /* SnapKit in Frameworks */ = {isa = PBXBuildFile; productRef = 8705D8932A9789AD002BBDC2 /* SnapKit */; };
		8705D89B2A978A38002BBDC2 /* StopwatchPresenter.swift in Sources */ = {isa = PBXBuildFile; fileRef = 8705D8962A978A38002BBDC2 /* StopwatchPresenter.swift */; };
		8705D89C2A978A38002BBDC2 /* StopwatchRouter.swift in Sources */ = {isa = PBXBuildFile; fileRef = 8705D8972A978A38002BBDC2 /* StopwatchRouter.swift */; };
		8705D89D2A978A38002BBDC2 /* StopwatchViewController.swift in Sources */ = {isa = PBXBuildFile; fileRef = 8705D8982A978A38002BBDC2 /* StopwatchViewController.swift */; };
		8705D89E2A978A38002BBDC2 /* StopwatchInteractor.swift in Sources */ = {isa = PBXBuildFile; fileRef = 8705D8992A978A38002BBDC2 /* StopwatchInteractor.swift */; };
		8705D89F2A978A38002BBDC2 /* StopwatchConfigurator.swift in Sources */ = {isa = PBXBuildFile; fileRef = 8705D89A2A978A38002BBDC2 /* StopwatchConfigurator.swift */; };
		8705D8A62A978A51002BBDC2 /* ProfilePresenter.swift in Sources */ = {isa = PBXBuildFile; fileRef = 8705D8A12A978A51002BBDC2 /* ProfilePresenter.swift */; };
		8705D8A72A978A51002BBDC2 /* ProfileRouter.swift in Sources */ = {isa = PBXBuildFile; fileRef = 8705D8A22A978A51002BBDC2 /* ProfileRouter.swift */; };
		8705D8A82A978A51002BBDC2 /* ProfileViewController.swift in Sources */ = {isa = PBXBuildFile; fileRef = 8705D8A32A978A51002BBDC2 /* ProfileViewController.swift */; };
		8705D8A92A978A51002BBDC2 /* ProfileInteractor.swift in Sources */ = {isa = PBXBuildFile; fileRef = 8705D8A42A978A51002BBDC2 /* ProfileInteractor.swift */; };
		8705D8AA2A978A51002BBDC2 /* ProfileConfigurator.swift in Sources */ = {isa = PBXBuildFile; fileRef = 8705D8A52A978A51002BBDC2 /* ProfileConfigurator.swift */; };
		8705D8AD2A979621002BBDC2 /* RoundButton.swift in Sources */ = {isa = PBXBuildFile; fileRef = 8705D8AC2A979621002BBDC2 /* RoundButton.swift */; };
		8705D8B02A97992A002BBDC2 /* TimerManager.swift in Sources */ = {isa = PBXBuildFile; fileRef = 8705D8AF2A97992A002BBDC2 /* TimerManager.swift */; };
		8705D8B32A979A38002BBDC2 /* Double+Extensions.swift in Sources */ = {isa = PBXBuildFile; fileRef = 8705D8B22A979A38002BBDC2 /* Double+Extensions.swift */; };
		871815942AA76418007CD141 /* AuthTextField.swift in Sources */ = {isa = PBXBuildFile; fileRef = 871815932AA76418007CD141 /* AuthTextField.swift */; };
		8718159B2AA76C0C007CD141 /* EditProfilePresenter.swift in Sources */ = {isa = PBXBuildFile; fileRef = 871815962AA76C0C007CD141 /* EditProfilePresenter.swift */; };
		8718159C2AA76C0C007CD141 /* EditProfileRouter.swift in Sources */ = {isa = PBXBuildFile; fileRef = 871815972AA76C0C007CD141 /* EditProfileRouter.swift */; };
		8718159D2AA76C0C007CD141 /* EditProfileViewController.swift in Sources */ = {isa = PBXBuildFile; fileRef = 871815982AA76C0C007CD141 /* EditProfileViewController.swift */; };
		8718159E2AA76C0C007CD141 /* EditProfileInteractor.swift in Sources */ = {isa = PBXBuildFile; fileRef = 871815992AA76C0C007CD141 /* EditProfileInteractor.swift */; };
		8718159F2AA76C0C007CD141 /* EditProfileConfigurator.swift in Sources */ = {isa = PBXBuildFile; fileRef = 8718159A2AA76C0C007CD141 /* EditProfileConfigurator.swift */; };
		872F69DF2ABC6DCF00CFCBD1 /* LoggerManager.swift in Sources */ = {isa = PBXBuildFile; fileRef = 872F69DE2ABC6DCF00CFCBD1 /* LoggerManager.swift */; };
		873BE84B2AC2A724006DC498 /* ActivityIndicatorView.swift in Sources */ = {isa = PBXBuildFile; fileRef = 873BE84A2AC2A724006DC498 /* ActivityIndicatorView.swift */; };
		873BE84D2AC2AA5F006DC498 /* InfiniteScrollingBehaviour.swift in Sources */ = {isa = PBXBuildFile; fileRef = 873BE84C2AC2AA5F006DC498 /* InfiniteScrollingBehaviour.swift */; };
		873BE8502AC2AADE006DC498 /* Int+CGFloat.swift in Sources */ = {isa = PBXBuildFile; fileRef = 873BE84F2AC2AADE006DC498 /* Int+CGFloat.swift */; };
		873BE8522AC2AB85006DC498 /* ProfileSneakersCollectionViewCell.swift in Sources */ = {isa = PBXBuildFile; fileRef = 873BE8512AC2AB85006DC498 /* ProfileSneakersCollectionViewCell.swift */; };
		873BE8552AC2ABC9006DC498 /* String+IsImage.swift in Sources */ = {isa = PBXBuildFile; fileRef = 873BE8542AC2ABC9006DC498 /* String+IsImage.swift */; };
		873BE8582AC2AC24006DC498 /* Kingfisher in Frameworks */ = {isa = PBXBuildFile; productRef = 873BE8572AC2AC24006DC498 /* Kingfisher */; };
		873BE85B2AC2AC48006DC498 /* UIImageView+SetImage.swift in Sources */ = {isa = PBXBuildFile; fileRef = 873BE85A2AC2AC48006DC498 /* UIImageView+SetImage.swift */; };
		873BE85D2AC2AC73006DC498 /* String+Format.swift in Sources */ = {isa = PBXBuildFile; fileRef = 873BE85C2AC2AC73006DC498 /* String+Format.swift */; };
		873BE85F2AC2ACBD006DC498 /* UIImage+RoundedCorners.swift in Sources */ = {isa = PBXBuildFile; fileRef = 873BE85E2AC2ACBD006DC498 /* UIImage+RoundedCorners.swift */; };
		873BE8612AC2B010006DC498 /* ListImages.swift in Sources */ = {isa = PBXBuildFile; fileRef = 873BE8602AC2B010006DC498 /* ListImages.swift */; };
		875896892AA4C2D0002027FA /* UIViewController+Alert.swift in Sources */ = {isa = PBXBuildFile; fileRef = 875896882AA4C2D0002027FA /* UIViewController+Alert.swift */; };
		8758968D2AA4CAEA002027FA /* ProfileTableViewCell.swift in Sources */ = {isa = PBXBuildFile; fileRef = 8758968C2AA4CAEA002027FA /* ProfileTableViewCell.swift */; };
		875896912AA4CB5A002027FA /* ProfileTableViewCellViewModel.swift in Sources */ = {isa = PBXBuildFile; fileRef = 875896902AA4CB5A002027FA /* ProfileTableViewCellViewModel.swift */; };
		875896932AA4CDC1002027FA /* ProfileViewModel.swift in Sources */ = {isa = PBXBuildFile; fileRef = 875896922AA4CDC1002027FA /* ProfileViewModel.swift */; };
		875896952AA4D59A002027FA /* UIViewController+ActivityIndicator.swift in Sources */ = {isa = PBXBuildFile; fileRef = 875896942AA4D59A002027FA /* UIViewController+ActivityIndicator.swift */; };
		876A77FD2A9CC7B400E64269 /* AuthViewController.swift in Sources */ = {isa = PBXBuildFile; fileRef = 876A77FC2A9CC7B400E64269 /* AuthViewController.swift */; };
		8775B9652AA0C20100EEA6F9 /* GlobalData.swift in Sources */ = {isa = PBXBuildFile; fileRef = 8775B9642AA0C20100EEA6F9 /* GlobalData.swift */; };
		8775B9672AA0D49D00EEA6F9 /* AuthManager.swift in Sources */ = {isa = PBXBuildFile; fileRef = 8775B9662AA0D49D00EEA6F9 /* AuthManager.swift */; };
		878EBBFE2A98D4E8001219F9 /* PaletteApp.swift in Sources */ = {isa = PBXBuildFile; fileRef = 878EBBFD2A98D4E8001219F9 /* PaletteApp.swift */; };
		878EBC012A98D538001219F9 /*  UIColor+HEX.swift in Sources */ = {isa = PBXBuildFile; fileRef = 878EBC002A98D538001219F9 /*  UIColor+HEX.swift */; };
		878EBC042A98D7D2001219F9 /* OurFonts.swift in Sources */ = {isa = PBXBuildFile; fileRef = 878EBC032A98D7D2001219F9 /* OurFonts.swift */; };
		878EBC0C2A98D8C2001219F9 /* PTSans-BoldItalic.ttf in Resources */ = {isa = PBXBuildFile; fileRef = 878EBC082A98D8C2001219F9 /* PTSans-BoldItalic.ttf */; };
		878EBC0D2A98D8C2001219F9 /* PTSans-Italic.ttf in Resources */ = {isa = PBXBuildFile; fileRef = 878EBC092A98D8C2001219F9 /* PTSans-Italic.ttf */; };
		878EBC0E2A98D8C2001219F9 /* PTSans-Regular.ttf in Resources */ = {isa = PBXBuildFile; fileRef = 878EBC0A2A98D8C2001219F9 /* PTSans-Regular.ttf */; };
		878EBC0F2A98D8C2001219F9 /* PTSans-Bold.ttf in Resources */ = {isa = PBXBuildFile; fileRef = 878EBC0B2A98D8C2001219F9 /* PTSans-Bold.ttf */; };
		878EBC112A98E347001219F9 /* TimerStatsLabel.swift in Sources */ = {isa = PBXBuildFile; fileRef = 878EBC102A98E347001219F9 /* TimerStatsLabel.swift */; };
		878EBC142A98F212001219F9 /* TimerStatsViewModel.swift in Sources */ = {isa = PBXBuildFile; fileRef = 878EBC132A98F212001219F9 /* TimerStatsViewModel.swift */; };
		878EBC162A98F24F001219F9 /* ConfigurableViewProtocol.swift in Sources */ = {isa = PBXBuildFile; fileRef = 878EBC152A98F24F001219F9 /* ConfigurableViewProtocol.swift */; };
		878EBC192A98FB7E001219F9 /* Digest.swift in Sources */ = {isa = PBXBuildFile; fileRef = 878EBC182A98FB7E001219F9 /* Digest.swift */; };
		878EBC1B2A98FBCF001219F9 /* Localizable.strings in Resources */ = {isa = PBXBuildFile; fileRef = 878EBC1A2A98FBCF001219F9 /* Localizable.strings */; };
		87A8DEE32AA3061E00F49A62 /* FirebaseAuth in Frameworks */ = {isa = PBXBuildFile; productRef = 87A8DEE22AA3061E00F49A62 /* FirebaseAuth */; };
		87A8DEE52AA3061E00F49A62 /* FirebaseDatabase in Frameworks */ = {isa = PBXBuildFile; productRef = 87A8DEE42AA3061E00F49A62 /* FirebaseDatabase */; };
		87A8DEE72AA3061E00F49A62 /* FirebaseFirestore in Frameworks */ = {isa = PBXBuildFile; productRef = 87A8DEE62AA3061E00F49A62 /* FirebaseFirestore */; };
		87A8DEE92AA3061E00F49A62 /* FirebaseStorage in Frameworks */ = {isa = PBXBuildFile; productRef = 87A8DEE82AA3061E00F49A62 /* FirebaseStorage */; };
		87A8DEEB2AA3087800F49A62 /* DatabaseService.swift in Sources */ = {isa = PBXBuildFile; fileRef = 87A8DEEA2AA3087800F49A62 /* DatabaseService.swift */; };
		87B18ACB2AC1C1B50069CA69 /* DictionaryConvertible.swift in Sources */ = {isa = PBXBuildFile; fileRef = 87B18ACA2AC1C1B50069CA69 /* DictionaryConvertible.swift */; };
		87B18ACE2AC1CF800069CA69 /* ProfileSneakersView.swift in Sources */ = {isa = PBXBuildFile; fileRef = 87B18ACD2AC1CF800069CA69 /* ProfileSneakersView.swift */; };
		87B551782A9F8A1400726D59 /* AppUser.swift in Sources */ = {isa = PBXBuildFile; fileRef = 87B551772A9F8A1400726D59 /* AppUser.swift */; };
		87C46D232A9E37670094A8F0 /* GoogleService-Info.plist in Resources */ = {isa = PBXBuildFile; fileRef = 87C46D222A9E37670094A8F0 /* GoogleService-Info.plist */; };
		87C46D2A2A9E37DF0094A8F0 /* LoginPresenter.swift in Sources */ = {isa = PBXBuildFile; fileRef = 87C46D252A9E37DF0094A8F0 /* LoginPresenter.swift */; };
		87C46D2B2A9E37DF0094A8F0 /* LoginRouter.swift in Sources */ = {isa = PBXBuildFile; fileRef = 87C46D262A9E37DF0094A8F0 /* LoginRouter.swift */; };
		87C46D2C2A9E37DF0094A8F0 /* LoginViewController.swift in Sources */ = {isa = PBXBuildFile; fileRef = 87C46D272A9E37DF0094A8F0 /* LoginViewController.swift */; };
		87C46D2D2A9E37DF0094A8F0 /* LoginInteractor.swift in Sources */ = {isa = PBXBuildFile; fileRef = 87C46D282A9E37DF0094A8F0 /* LoginInteractor.swift */; };
		87C46D2E2A9E37DF0094A8F0 /* LoginConfigurator.swift in Sources */ = {isa = PBXBuildFile; fileRef = 87C46D292A9E37DF0094A8F0 /* LoginConfigurator.swift */; };
		87C46D352A9E38530094A8F0 /* RegistrationPresenter.swift in Sources */ = {isa = PBXBuildFile; fileRef = 87C46D302A9E38530094A8F0 /* RegistrationPresenter.swift */; };
		87C46D362A9E38530094A8F0 /* RegistrationRouter.swift in Sources */ = {isa = PBXBuildFile; fileRef = 87C46D312A9E38530094A8F0 /* RegistrationRouter.swift */; };
		87C46D372A9E38530094A8F0 /* RegistrationViewController.swift in Sources */ = {isa = PBXBuildFile; fileRef = 87C46D322A9E38530094A8F0 /* RegistrationViewController.swift */; };
		87C46D382A9E38530094A8F0 /* RegistrationInteractor.swift in Sources */ = {isa = PBXBuildFile; fileRef = 87C46D332A9E38530094A8F0 /* RegistrationInteractor.swift */; };
		87C46D392A9E38530094A8F0 /* RegistrationConfigurator.swift in Sources */ = {isa = PBXBuildFile; fileRef = 87C46D342A9E38530094A8F0 /* RegistrationConfigurator.swift */; };
		87DFA1DD2AB3431100B20B40 /* ActivityIndicatorProtocol.swift in Sources */ = {isa = PBXBuildFile; fileRef = 87DFA1DC2AB3431100B20B40 /* ActivityIndicatorProtocol.swift */; };
		87DFA1E02AB346C900B20B40 /* OrderedCollections in Frameworks */ = {isa = PBXBuildFile; productRef = 87DFA1DF2AB346C900B20B40 /* OrderedCollections */; };
		87EE80A52A99C8BB00EF4ADD /* LocationManager.swift in Sources */ = {isa = PBXBuildFile; fileRef = 87EE80A42A99C8BB00EF4ADD /* LocationManager.swift */; };
		87EE80A72A99C90B00EF4ADD /* TrainingManager.swift in Sources */ = {isa = PBXBuildFile; fileRef = 87EE80A62A99C90B00EF4ADD /* TrainingManager.swift */; };
		87EE80AE2A99C93800EF4ADD /* TrainingPresenter.swift in Sources */ = {isa = PBXBuildFile; fileRef = 87EE80A92A99C93800EF4ADD /* TrainingPresenter.swift */; };
		87EE80AF2A99C93800EF4ADD /* TrainingRouter.swift in Sources */ = {isa = PBXBuildFile; fileRef = 87EE80AA2A99C93800EF4ADD /* TrainingRouter.swift */; };
		87EE80B02A99C93800EF4ADD /* TrainingViewController.swift in Sources */ = {isa = PBXBuildFile; fileRef = 87EE80AB2A99C93800EF4ADD /* TrainingViewController.swift */; };
		87EE80B12A99C93800EF4ADD /* TrainingInteractor.swift in Sources */ = {isa = PBXBuildFile; fileRef = 87EE80AC2A99C93800EF4ADD /* TrainingInteractor.swift */; };
		87EE80B22A99C93800EF4ADD /* TrainingConfigurator.swift in Sources */ = {isa = PBXBuildFile; fileRef = 87EE80AD2A99C93800EF4ADD /* TrainingConfigurator.swift */; };
		87EE80BF2A99C95D00EF4ADD /* Training.swift in Sources */ = {isa = PBXBuildFile; fileRef = 87EE80BE2A99C95D00EF4ADD /* Training.swift */; };
		87EE80C12A99CD8A00EF4ADD /* TimerViewModel.swift in Sources */ = {isa = PBXBuildFile; fileRef = 87EE80C02A99CD8A00EF4ADD /* TimerViewModel.swift */; };
		87EE80C42A99CF0A00EF4ADD /* TimerDataView.swift in Sources */ = {isa = PBXBuildFile; fileRef = 87EE80C32A99CF0A00EF4ADD /* TimerDataView.swift */; };
		87EE80C72A99D27900EF4ADD /* coordinates.gpx in Resources */ = {isa = PBXBuildFile; fileRef = 87EE80C62A99D27900EF4ADD /* coordinates.gpx */; };
		9B2CCFED2AE8798B007F317A /* TrainingHeaderView.swift in Sources */ = {isa = PBXBuildFile; fileRef = 9B2CCFEC2AE8798B007F317A /* TrainingHeaderView.swift */; };
		9B2CCFEF2AE879BF007F317A /* TrainingTableViewCell.swift in Sources */ = {isa = PBXBuildFile; fileRef = 9B2CCFEE2AE879BF007F317A /* TrainingTableViewCell.swift */; };
		9B2CCFF12AE879F6007F317A /* TrainingProgressStepView.swift in Sources */ = {isa = PBXBuildFile; fileRef = 9B2CCFF02AE879F6007F317A /* TrainingProgressStepView.swift */; };
		9B2CCFF32AE87A39007F317A /* TrainingProgressKmView.swift in Sources */ = {isa = PBXBuildFile; fileRef = 9B2CCFF22AE87A39007F317A /* TrainingProgressKmView.swift */; };
		9B2CCFF62AE87AA8007F317A /* Date+Extensions.swift in Sources */ = {isa = PBXBuildFile; fileRef = 9B2CCFF52AE87AA8007F317A /* Date+Extensions.swift */; };
		9B2CCFF82AE87AC7007F317A /* ProgressTrainingManager.swift in Sources */ = {isa = PBXBuildFile; fileRef = 9B2CCFF72AE87AC7007F317A /* ProgressTrainingManager.swift */; };
		9B2CCFFA2AE87BDF007F317A /* ProgressBarViewModel.swift in Sources */ = {isa = PBXBuildFile; fileRef = 9B2CCFF92AE87BDF007F317A /* ProgressBarViewModel.swift */; };
		9B2CCFFC2AE87BF4007F317A /* SectionTrainingModel.swift in Sources */ = {isa = PBXBuildFile; fileRef = 9B2CCFFB2AE87BF4007F317A /* SectionTrainingModel.swift */; };
		9B2CCFFE2AE87C4A007F317A /* TrainingCellViewModel.swift in Sources */ = {isa = PBXBuildFile; fileRef = 9B2CCFFD2AE87C4A007F317A /* TrainingCellViewModel.swift */; };
		9B4105572B18B23500637F62 /* DetailedInfoViewModel.swift in Sources */ = {isa = PBXBuildFile; fileRef = 9B4105562B18B23500637F62 /* DetailedInfoViewModel.swift */; };
		9B4105592B18B2F300637F62 /* DetailedResultViewModel.swift in Sources */ = {isa = PBXBuildFile; fileRef = 9B4105582B18B2F300637F62 /* DetailedResultViewModel.swift */; };
		9B41055B2B18B35300637F62 /* DetailedEveryKilometrViewModel.swift in Sources */ = {isa = PBXBuildFile; fileRef = 9B41055A2B18B35300637F62 /* DetailedEveryKilometrViewModel.swift */; };
		9B41055D2B18B3EC00637F62 /* DetailedPulseViewModel.swift in Sources */ = {isa = PBXBuildFile; fileRef = 9B41055C2B18B3EC00637F62 /* DetailedPulseViewModel.swift */; };
		9B41055F2B18B46E00637F62 /* DetailedMapViewModel.swift in Sources */ = {isa = PBXBuildFile; fileRef = 9B41055E2B18B46E00637F62 /* DetailedMapViewModel.swift */; };
		9B4105612B18BC5200637F62 /* DetailedResultTableViewCell.swift in Sources */ = {isa = PBXBuildFile; fileRef = 9B4105602B18BC5200637F62 /* DetailedResultTableViewCell.swift */; };
		9B4105632B18C31700637F62 /* DetailedEveryKilometrTableViewCell.swift in Sources */ = {isa = PBXBuildFile; fileRef = 9B4105622B18C31700637F62 /* DetailedEveryKilometrTableViewCell.swift */; };
		9B56AE9B2B2F262300536CF2 /* InformationTrainingManager.swift in Sources */ = {isa = PBXBuildFile; fileRef = 9B56AE9A2B2F262300536CF2 /* InformationTrainingManager.swift */; };
		9B5AC3682AEFDCB0009130C0 /* ListTrainingConfigurator.swift in Sources */ = {isa = PBXBuildFile; fileRef = 9B5AC3672AEFDCB0009130C0 /* ListTrainingConfigurator.swift */; };
		9B5AC36A2AEFDCC8009130C0 /* ListTrainingInteractor.swift in Sources */ = {isa = PBXBuildFile; fileRef = 9B5AC3692AEFDCC8009130C0 /* ListTrainingInteractor.swift */; };
		9B5AC36C2AEFDCEE009130C0 /* ListTrainingPresenter.swift in Sources */ = {isa = PBXBuildFile; fileRef = 9B5AC36B2AEFDCEE009130C0 /* ListTrainingPresenter.swift */; };
		9B5AC36E2AEFDCFB009130C0 /* ListTrainingRouter.swift in Sources */ = {isa = PBXBuildFile; fileRef = 9B5AC36D2AEFDCFB009130C0 /* ListTrainingRouter.swift */; };
		9B5AC3702AEFDD0D009130C0 /* ListTrainingViewController.swift in Sources */ = {isa = PBXBuildFile; fileRef = 9B5AC36F2AEFDD0D009130C0 /* ListTrainingViewController.swift */; };
		9B65883D2AB1EBF2003102F7 /* HelperValueTempsModel.swift in Sources */ = {isa = PBXBuildFile; fileRef = 9B65883C2AB1EBF2003102F7 /* HelperValueTempsModel.swift */; };
		9B74A9842B1006B7000934FE /* DetailedInfTableViewCell.swift in Sources */ = {isa = PBXBuildFile; fileRef = 9B74A9832B1006B7000934FE /* DetailedInfTableViewCell.swift */; };
		9B74B3602AF51D2F00904A73 /* ListCollectionViewCell.swift in Sources */ = {isa = PBXBuildFile; fileRef = 9B74B35F2AF51D2F00904A73 /* ListCollectionViewCell.swift */; };
		9B783E452B444AC400E29536 /* ChartsPresenter.swift in Sources */ = {isa = PBXBuildFile; fileRef = 9B783E442B444AC400E29536 /* ChartsPresenter.swift */; };
		9B783E472B444AD600E29536 /* ChartsViewController.swift in Sources */ = {isa = PBXBuildFile; fileRef = 9B783E462B444AD600E29536 /* ChartsViewController.swift */; };
		9B783E492B444AE200E29536 /* ChartsInteractor.swift in Sources */ = {isa = PBXBuildFile; fileRef = 9B783E482B444AE200E29536 /* ChartsInteractor.swift */; };
		9B783E4B2B444AEB00E29536 /* ChartsRouter.swift in Sources */ = {isa = PBXBuildFile; fileRef = 9B783E4A2B444AEB00E29536 /* ChartsRouter.swift */; };
		9B783E4D2B444AFB00E29536 /* ChartsConfigurator.swift in Sources */ = {isa = PBXBuildFile; fileRef = 9B783E4C2B444AFB00E29536 /* ChartsConfigurator.swift */; };
		9B79BDDE2AA4397100BFA5BC /* CircleViewModel.swift in Sources */ = {isa = PBXBuildFile; fileRef = 9B79BDDD2AA4397100BFA5BC /* CircleViewModel.swift */; };
		9B79BDE02AA4443A00BFA5BC /* CircleTableViewCell.swift in Sources */ = {isa = PBXBuildFile; fileRef = 9B79BDDF2AA4443A00BFA5BC /* CircleTableViewCell.swift */; };
		9B7A519E2B56C01300D77B19 /* ChartDirectionEnum.swift in Sources */ = {isa = PBXBuildFile; fileRef = 9B7A519D2B56C01300D77B19 /* ChartDirectionEnum.swift */; };
		9B7A6E0D2AFB3110001CC644 /* ListTrainingManager.swift in Sources */ = {isa = PBXBuildFile; fileRef = 9B7A6E0C2AFB3110001CC644 /* ListTrainingManager.swift */; };
		9B7E10E72B0C1392000904F1 /* DetailedTrainingInteractor.swift in Sources */ = {isa = PBXBuildFile; fileRef = 9B7E10E62B0C1392000904F1 /* DetailedTrainingInteractor.swift */; };
		9B7E10E92B0C139B000904F1 /* DetailedTrainingRouter.swift in Sources */ = {isa = PBXBuildFile; fileRef = 9B7E10E82B0C139B000904F1 /* DetailedTrainingRouter.swift */; };
		9B7E10EB2B0C13BB000904F1 /* DetailedTrainingConfigurator.swift in Sources */ = {isa = PBXBuildFile; fileRef = 9B7E10EA2B0C13BB000904F1 /* DetailedTrainingConfigurator.swift */; };
		9B7E10ED2B0C1404000904F1 /* DetailedTrainingPresenter.swift in Sources */ = {isa = PBXBuildFile; fileRef = 9B7E10EC2B0C1404000904F1 /* DetailedTrainingPresenter.swift */; };
		9B7E10EF2B0C140F000904F1 /* DetailedTrainingViewController.swift in Sources */ = {isa = PBXBuildFile; fileRef = 9B7E10EE2B0C140F000904F1 /* DetailedTrainingViewController.swift */; };
		9B8605B92B4AA00C00CF5148 /* ChartsDataViewModel.swift in Sources */ = {isa = PBXBuildFile; fileRef = 9B8605B82B4AA00C00CF5148 /* ChartsDataViewModel.swift */; };
		9B8605BB2B4AA43500CF5148 /* ChartsManager.swift in Sources */ = {isa = PBXBuildFile; fileRef = 9B8605BA2B4AA43500CF5148 /* ChartsManager.swift */; };
		9B86E98A2B77A9F100634D00 /* SwipeCellKit in Frameworks */ = {isa = PBXBuildFile; productRef = 9B86E9892B77A9F100634D00 /* SwipeCellKit */; };
		9B8D90992B1A1D9700885630 /* DetailedTrainingManager.swift in Sources */ = {isa = PBXBuildFile; fileRef = 9B8D90982B1A1D9700885630 /* DetailedTrainingManager.swift */; };
		9B8EFD172B271B8F00AC9DBE /* DetailedTrainingEnum.swift in Sources */ = {isa = PBXBuildFile; fileRef = 9B8EFD162B271B8F00AC9DBE /* DetailedTrainingEnum.swift */; };
		9B9424E62B25B8AE005A28E3 /* String+Extension.swift in Sources */ = {isa = PBXBuildFile; fileRef = 9B9424E52B25B8AE005A28E3 /* String+Extension.swift */; };
		9B94D4A42B44F92A006CDA0B /* DGCharts in Frameworks */ = {isa = PBXBuildFile; productRef = 9B94D4A32B44F92A006CDA0B /* DGCharts */; };
		9B9AD70B2AF7BAA900464951 /* ListHeaderCollectionView.swift in Sources */ = {isa = PBXBuildFile; fileRef = 9B9AD70A2AF7BAA900464951 /* ListHeaderCollectionView.swift */; };
		9B9AD70D2AF7BF3800464951 /* SectionListTrainingModel.swift in Sources */ = {isa = PBXBuildFile; fileRef = 9B9AD70C2AF7BF3800464951 /* SectionListTrainingModel.swift */; };
		9BA2E2912AAA820700A947E2 /* HeaderForCircleView.swift in Sources */ = {isa = PBXBuildFile; fileRef = 9BA2E2902AAA820700A947E2 /* HeaderForCircleView.swift */; };
		9BA4017E2BD4F9D200199125 /* UnitRunTestsCharts.swift in Sources */ = {isa = PBXBuildFile; fileRef = 9BA4017D2BD4F9D200199125 /* UnitRunTestsCharts.swift */; };
		9BCAD9F32BD3F58200B1F8D5 /* UnitRunTestsTrainingManager.swift in Sources */ = {isa = PBXBuildFile; fileRef = 9BCAD9F22BD3F58200B1F8D5 /* UnitRunTestsTrainingManager.swift */; };
/* End PBXBuildFile section */

/* Begin PBXContainerItemProxy section */
		9BCAD9F42BD3F58200B1F8D5 /* PBXContainerItemProxy */ = {
			isa = PBXContainerItemProxy;
			containerPortal = 8705D86C2A978427002BBDC2 /* Project object */;
			proxyType = 1;
			remoteGlobalIDString = 8705D8732A978427002BBDC2;
			remoteInfo = Run;
		};
/* End PBXContainerItemProxy section */

/* Begin PBXFileReference section */
		8705D8742A978427002BBDC2 /* Run.app */ = {isa = PBXFileReference; explicitFileType = wrapper.application; includeInIndex = 0; path = Run.app; sourceTree = BUILT_PRODUCTS_DIR; };
		8705D8772A978427002BBDC2 /* AppDelegate.swift */ = {isa = PBXFileReference; lastKnownFileType = sourcecode.swift; path = AppDelegate.swift; sourceTree = "<group>"; };
		8705D8792A978427002BBDC2 /* SceneDelegate.swift */ = {isa = PBXFileReference; lastKnownFileType = sourcecode.swift; path = SceneDelegate.swift; sourceTree = "<group>"; };
		8705D87B2A978427002BBDC2 /* ViewController.swift */ = {isa = PBXFileReference; lastKnownFileType = sourcecode.swift; path = ViewController.swift; sourceTree = "<group>"; };
		8705D87E2A978427002BBDC2 /* Base */ = {isa = PBXFileReference; lastKnownFileType = file.storyboard; name = Base; path = Base.lproj/Main.storyboard; sourceTree = "<group>"; };
		8705D8802A978428002BBDC2 /* Assets.xcassets */ = {isa = PBXFileReference; lastKnownFileType = folder.assetcatalog; path = Assets.xcassets; sourceTree = "<group>"; };
		8705D8832A978428002BBDC2 /* Base */ = {isa = PBXFileReference; lastKnownFileType = file.storyboard; name = Base; path = Base.lproj/LaunchScreen.storyboard; sourceTree = "<group>"; };
		8705D8852A978428002BBDC2 /* Info.plist */ = {isa = PBXFileReference; lastKnownFileType = text.plist.xml; path = Info.plist; sourceTree = "<group>"; };
		8705D88C2A978716002BBDC2 /* StartViewController.swift */ = {isa = PBXFileReference; lastKnownFileType = sourcecode.swift; path = StartViewController.swift; sourceTree = "<group>"; };
		8705D88E2A97876F002BBDC2 /* RootMainApplicitionController.swift */ = {isa = PBXFileReference; lastKnownFileType = sourcecode.swift; path = RootMainApplicitionController.swift; sourceTree = "<group>"; };
		8705D8962A978A38002BBDC2 /* StopwatchPresenter.swift */ = {isa = PBXFileReference; lastKnownFileType = sourcecode.swift; path = StopwatchPresenter.swift; sourceTree = "<group>"; };
		8705D8972A978A38002BBDC2 /* StopwatchRouter.swift */ = {isa = PBXFileReference; lastKnownFileType = sourcecode.swift; path = StopwatchRouter.swift; sourceTree = "<group>"; };
		8705D8982A978A38002BBDC2 /* StopwatchViewController.swift */ = {isa = PBXFileReference; lastKnownFileType = sourcecode.swift; path = StopwatchViewController.swift; sourceTree = "<group>"; };
		8705D8992A978A38002BBDC2 /* StopwatchInteractor.swift */ = {isa = PBXFileReference; lastKnownFileType = sourcecode.swift; path = StopwatchInteractor.swift; sourceTree = "<group>"; };
		8705D89A2A978A38002BBDC2 /* StopwatchConfigurator.swift */ = {isa = PBXFileReference; lastKnownFileType = sourcecode.swift; path = StopwatchConfigurator.swift; sourceTree = "<group>"; };
		8705D8A12A978A51002BBDC2 /* ProfilePresenter.swift */ = {isa = PBXFileReference; lastKnownFileType = sourcecode.swift; path = ProfilePresenter.swift; sourceTree = "<group>"; };
		8705D8A22A978A51002BBDC2 /* ProfileRouter.swift */ = {isa = PBXFileReference; lastKnownFileType = sourcecode.swift; path = ProfileRouter.swift; sourceTree = "<group>"; };
		8705D8A32A978A51002BBDC2 /* ProfileViewController.swift */ = {isa = PBXFileReference; lastKnownFileType = sourcecode.swift; path = ProfileViewController.swift; sourceTree = "<group>"; };
		8705D8A42A978A51002BBDC2 /* ProfileInteractor.swift */ = {isa = PBXFileReference; lastKnownFileType = sourcecode.swift; path = ProfileInteractor.swift; sourceTree = "<group>"; };
		8705D8A52A978A51002BBDC2 /* ProfileConfigurator.swift */ = {isa = PBXFileReference; lastKnownFileType = sourcecode.swift; path = ProfileConfigurator.swift; sourceTree = "<group>"; };
		8705D8AC2A979621002BBDC2 /* RoundButton.swift */ = {isa = PBXFileReference; lastKnownFileType = sourcecode.swift; path = RoundButton.swift; sourceTree = "<group>"; };
		8705D8AF2A97992A002BBDC2 /* TimerManager.swift */ = {isa = PBXFileReference; lastKnownFileType = sourcecode.swift; path = TimerManager.swift; sourceTree = "<group>"; };
		8705D8B22A979A38002BBDC2 /* Double+Extensions.swift */ = {isa = PBXFileReference; lastKnownFileType = sourcecode.swift; path = "Double+Extensions.swift"; sourceTree = "<group>"; };
		871815932AA76418007CD141 /* AuthTextField.swift */ = {isa = PBXFileReference; lastKnownFileType = sourcecode.swift; path = AuthTextField.swift; sourceTree = "<group>"; };
		871815962AA76C0C007CD141 /* EditProfilePresenter.swift */ = {isa = PBXFileReference; lastKnownFileType = sourcecode.swift; path = EditProfilePresenter.swift; sourceTree = "<group>"; };
		871815972AA76C0C007CD141 /* EditProfileRouter.swift */ = {isa = PBXFileReference; lastKnownFileType = sourcecode.swift; path = EditProfileRouter.swift; sourceTree = "<group>"; };
		871815982AA76C0C007CD141 /* EditProfileViewController.swift */ = {isa = PBXFileReference; lastKnownFileType = sourcecode.swift; path = EditProfileViewController.swift; sourceTree = "<group>"; };
		871815992AA76C0C007CD141 /* EditProfileInteractor.swift */ = {isa = PBXFileReference; lastKnownFileType = sourcecode.swift; path = EditProfileInteractor.swift; sourceTree = "<group>"; };
		8718159A2AA76C0C007CD141 /* EditProfileConfigurator.swift */ = {isa = PBXFileReference; lastKnownFileType = sourcecode.swift; path = EditProfileConfigurator.swift; sourceTree = "<group>"; };
		872F69DE2ABC6DCF00CFCBD1 /* LoggerManager.swift */ = {isa = PBXFileReference; lastKnownFileType = sourcecode.swift; path = LoggerManager.swift; sourceTree = "<group>"; };
		873BE84A2AC2A724006DC498 /* ActivityIndicatorView.swift */ = {isa = PBXFileReference; lastKnownFileType = sourcecode.swift; path = ActivityIndicatorView.swift; sourceTree = "<group>"; };
		873BE84C2AC2AA5F006DC498 /* InfiniteScrollingBehaviour.swift */ = {isa = PBXFileReference; lastKnownFileType = sourcecode.swift; path = InfiniteScrollingBehaviour.swift; sourceTree = "<group>"; };
		873BE84F2AC2AADE006DC498 /* Int+CGFloat.swift */ = {isa = PBXFileReference; lastKnownFileType = sourcecode.swift; path = "Int+CGFloat.swift"; sourceTree = "<group>"; };
		873BE8512AC2AB85006DC498 /* ProfileSneakersCollectionViewCell.swift */ = {isa = PBXFileReference; lastKnownFileType = sourcecode.swift; path = ProfileSneakersCollectionViewCell.swift; sourceTree = "<group>"; };
		873BE8542AC2ABC9006DC498 /* String+IsImage.swift */ = {isa = PBXFileReference; lastKnownFileType = sourcecode.swift; path = "String+IsImage.swift"; sourceTree = "<group>"; };
		873BE85A2AC2AC48006DC498 /* UIImageView+SetImage.swift */ = {isa = PBXFileReference; lastKnownFileType = sourcecode.swift; path = "UIImageView+SetImage.swift"; sourceTree = "<group>"; };
		873BE85C2AC2AC73006DC498 /* String+Format.swift */ = {isa = PBXFileReference; lastKnownFileType = sourcecode.swift; path = "String+Format.swift"; sourceTree = "<group>"; };
		873BE85E2AC2ACBD006DC498 /* UIImage+RoundedCorners.swift */ = {isa = PBXFileReference; lastKnownFileType = sourcecode.swift; path = "UIImage+RoundedCorners.swift"; sourceTree = "<group>"; };
		873BE8602AC2B010006DC498 /* ListImages.swift */ = {isa = PBXFileReference; lastKnownFileType = sourcecode.swift; path = ListImages.swift; sourceTree = "<group>"; };
		875896882AA4C2D0002027FA /* UIViewController+Alert.swift */ = {isa = PBXFileReference; lastKnownFileType = sourcecode.swift; path = "UIViewController+Alert.swift"; sourceTree = "<group>"; };
		8758968C2AA4CAEA002027FA /* ProfileTableViewCell.swift */ = {isa = PBXFileReference; lastKnownFileType = sourcecode.swift; path = ProfileTableViewCell.swift; sourceTree = "<group>"; };
		875896902AA4CB5A002027FA /* ProfileTableViewCellViewModel.swift */ = {isa = PBXFileReference; lastKnownFileType = sourcecode.swift; path = ProfileTableViewCellViewModel.swift; sourceTree = "<group>"; };
		875896922AA4CDC1002027FA /* ProfileViewModel.swift */ = {isa = PBXFileReference; lastKnownFileType = sourcecode.swift; path = ProfileViewModel.swift; sourceTree = "<group>"; };
		875896942AA4D59A002027FA /* UIViewController+ActivityIndicator.swift */ = {isa = PBXFileReference; lastKnownFileType = sourcecode.swift; path = "UIViewController+ActivityIndicator.swift"; sourceTree = "<group>"; };
		876A77FC2A9CC7B400E64269 /* AuthViewController.swift */ = {isa = PBXFileReference; lastKnownFileType = sourcecode.swift; path = AuthViewController.swift; sourceTree = "<group>"; };
		8775B9642AA0C20100EEA6F9 /* GlobalData.swift */ = {isa = PBXFileReference; lastKnownFileType = sourcecode.swift; path = GlobalData.swift; sourceTree = "<group>"; };
		8775B9662AA0D49D00EEA6F9 /* AuthManager.swift */ = {isa = PBXFileReference; lastKnownFileType = sourcecode.swift; path = AuthManager.swift; sourceTree = "<group>"; };
		878EBBFD2A98D4E8001219F9 /* PaletteApp.swift */ = {isa = PBXFileReference; lastKnownFileType = sourcecode.swift; path = PaletteApp.swift; sourceTree = "<group>"; };
		878EBC002A98D538001219F9 /*  UIColor+HEX.swift */ = {isa = PBXFileReference; lastKnownFileType = sourcecode.swift; path = " UIColor+HEX.swift"; sourceTree = "<group>"; };
		878EBC032A98D7D2001219F9 /* OurFonts.swift */ = {isa = PBXFileReference; lastKnownFileType = sourcecode.swift; path = OurFonts.swift; sourceTree = "<group>"; };
		878EBC082A98D8C2001219F9 /* PTSans-BoldItalic.ttf */ = {isa = PBXFileReference; lastKnownFileType = file; path = "PTSans-BoldItalic.ttf"; sourceTree = "<group>"; };
		878EBC092A98D8C2001219F9 /* PTSans-Italic.ttf */ = {isa = PBXFileReference; lastKnownFileType = file; path = "PTSans-Italic.ttf"; sourceTree = "<group>"; };
		878EBC0A2A98D8C2001219F9 /* PTSans-Regular.ttf */ = {isa = PBXFileReference; lastKnownFileType = file; path = "PTSans-Regular.ttf"; sourceTree = "<group>"; };
		878EBC0B2A98D8C2001219F9 /* PTSans-Bold.ttf */ = {isa = PBXFileReference; lastKnownFileType = file; path = "PTSans-Bold.ttf"; sourceTree = "<group>"; };
		878EBC102A98E347001219F9 /* TimerStatsLabel.swift */ = {isa = PBXFileReference; lastKnownFileType = sourcecode.swift; path = TimerStatsLabel.swift; sourceTree = "<group>"; };
		878EBC132A98F212001219F9 /* TimerStatsViewModel.swift */ = {isa = PBXFileReference; lastKnownFileType = sourcecode.swift; path = TimerStatsViewModel.swift; sourceTree = "<group>"; };
		878EBC152A98F24F001219F9 /* ConfigurableViewProtocol.swift */ = {isa = PBXFileReference; lastKnownFileType = sourcecode.swift; path = ConfigurableViewProtocol.swift; sourceTree = "<group>"; };
		878EBC182A98FB7E001219F9 /* Digest.swift */ = {isa = PBXFileReference; lastKnownFileType = sourcecode.swift; path = Digest.swift; sourceTree = "<group>"; };
		878EBC1A2A98FBCF001219F9 /* Localizable.strings */ = {isa = PBXFileReference; lastKnownFileType = text.plist.strings; path = Localizable.strings; sourceTree = "<group>"; };
		87A8DEEA2AA3087800F49A62 /* DatabaseService.swift */ = {isa = PBXFileReference; lastKnownFileType = sourcecode.swift; path = DatabaseService.swift; sourceTree = "<group>"; };
		87B18ACA2AC1C1B50069CA69 /* DictionaryConvertible.swift */ = {isa = PBXFileReference; lastKnownFileType = sourcecode.swift; path = DictionaryConvertible.swift; sourceTree = "<group>"; };
		87B18ACD2AC1CF800069CA69 /* ProfileSneakersView.swift */ = {isa = PBXFileReference; lastKnownFileType = sourcecode.swift; path = ProfileSneakersView.swift; sourceTree = "<group>"; };
		87B551772A9F8A1400726D59 /* AppUser.swift */ = {isa = PBXFileReference; lastKnownFileType = sourcecode.swift; path = AppUser.swift; sourceTree = "<group>"; };
		87C46D222A9E37670094A8F0 /* GoogleService-Info.plist */ = {isa = PBXFileReference; fileEncoding = 4; lastKnownFileType = text.plist.xml; path = "GoogleService-Info.plist"; sourceTree = "<group>"; };
		87C46D252A9E37DF0094A8F0 /* LoginPresenter.swift */ = {isa = PBXFileReference; lastKnownFileType = sourcecode.swift; path = LoginPresenter.swift; sourceTree = "<group>"; };
		87C46D262A9E37DF0094A8F0 /* LoginRouter.swift */ = {isa = PBXFileReference; lastKnownFileType = sourcecode.swift; path = LoginRouter.swift; sourceTree = "<group>"; };
		87C46D272A9E37DF0094A8F0 /* LoginViewController.swift */ = {isa = PBXFileReference; lastKnownFileType = sourcecode.swift; path = LoginViewController.swift; sourceTree = "<group>"; };
		87C46D282A9E37DF0094A8F0 /* LoginInteractor.swift */ = {isa = PBXFileReference; lastKnownFileType = sourcecode.swift; path = LoginInteractor.swift; sourceTree = "<group>"; };
		87C46D292A9E37DF0094A8F0 /* LoginConfigurator.swift */ = {isa = PBXFileReference; lastKnownFileType = sourcecode.swift; path = LoginConfigurator.swift; sourceTree = "<group>"; };
		87C46D302A9E38530094A8F0 /* RegistrationPresenter.swift */ = {isa = PBXFileReference; lastKnownFileType = sourcecode.swift; path = RegistrationPresenter.swift; sourceTree = "<group>"; };
		87C46D312A9E38530094A8F0 /* RegistrationRouter.swift */ = {isa = PBXFileReference; lastKnownFileType = sourcecode.swift; path = RegistrationRouter.swift; sourceTree = "<group>"; };
		87C46D322A9E38530094A8F0 /* RegistrationViewController.swift */ = {isa = PBXFileReference; lastKnownFileType = sourcecode.swift; path = RegistrationViewController.swift; sourceTree = "<group>"; };
		87C46D332A9E38530094A8F0 /* RegistrationInteractor.swift */ = {isa = PBXFileReference; lastKnownFileType = sourcecode.swift; path = RegistrationInteractor.swift; sourceTree = "<group>"; };
		87C46D342A9E38530094A8F0 /* RegistrationConfigurator.swift */ = {isa = PBXFileReference; lastKnownFileType = sourcecode.swift; path = RegistrationConfigurator.swift; sourceTree = "<group>"; };
		87DFA1DC2AB3431100B20B40 /* ActivityIndicatorProtocol.swift */ = {isa = PBXFileReference; lastKnownFileType = sourcecode.swift; path = ActivityIndicatorProtocol.swift; sourceTree = "<group>"; };
		87EE80A42A99C8BB00EF4ADD /* LocationManager.swift */ = {isa = PBXFileReference; lastKnownFileType = sourcecode.swift; path = LocationManager.swift; sourceTree = "<group>"; };
		87EE80A62A99C90B00EF4ADD /* TrainingManager.swift */ = {isa = PBXFileReference; lastKnownFileType = sourcecode.swift; path = TrainingManager.swift; sourceTree = "<group>"; };
		87EE80A92A99C93800EF4ADD /* TrainingPresenter.swift */ = {isa = PBXFileReference; lastKnownFileType = sourcecode.swift; path = TrainingPresenter.swift; sourceTree = "<group>"; };
		87EE80AA2A99C93800EF4ADD /* TrainingRouter.swift */ = {isa = PBXFileReference; lastKnownFileType = sourcecode.swift; path = TrainingRouter.swift; sourceTree = "<group>"; };
		87EE80AB2A99C93800EF4ADD /* TrainingViewController.swift */ = {isa = PBXFileReference; lastKnownFileType = sourcecode.swift; path = TrainingViewController.swift; sourceTree = "<group>"; };
		87EE80AC2A99C93800EF4ADD /* TrainingInteractor.swift */ = {isa = PBXFileReference; lastKnownFileType = sourcecode.swift; path = TrainingInteractor.swift; sourceTree = "<group>"; };
		87EE80AD2A99C93800EF4ADD /* TrainingConfigurator.swift */ = {isa = PBXFileReference; lastKnownFileType = sourcecode.swift; path = TrainingConfigurator.swift; sourceTree = "<group>"; };
		87EE80BE2A99C95D00EF4ADD /* Training.swift */ = {isa = PBXFileReference; lastKnownFileType = sourcecode.swift; path = Training.swift; sourceTree = "<group>"; };
		87EE80C02A99CD8A00EF4ADD /* TimerViewModel.swift */ = {isa = PBXFileReference; lastKnownFileType = sourcecode.swift; path = TimerViewModel.swift; sourceTree = "<group>"; };
		87EE80C32A99CF0A00EF4ADD /* TimerDataView.swift */ = {isa = PBXFileReference; lastKnownFileType = sourcecode.swift; path = TimerDataView.swift; sourceTree = "<group>"; };
		87EE80C62A99D27900EF4ADD /* coordinates.gpx */ = {isa = PBXFileReference; fileEncoding = 4; lastKnownFileType = text.xml; path = coordinates.gpx; sourceTree = "<group>"; };
		9B2CCFEC2AE8798B007F317A /* TrainingHeaderView.swift */ = {isa = PBXFileReference; lastKnownFileType = sourcecode.swift; path = TrainingHeaderView.swift; sourceTree = "<group>"; };
		9B2CCFEE2AE879BF007F317A /* TrainingTableViewCell.swift */ = {isa = PBXFileReference; lastKnownFileType = sourcecode.swift; path = TrainingTableViewCell.swift; sourceTree = "<group>"; };
		9B2CCFF02AE879F6007F317A /* TrainingProgressStepView.swift */ = {isa = PBXFileReference; lastKnownFileType = sourcecode.swift; path = TrainingProgressStepView.swift; sourceTree = "<group>"; };
		9B2CCFF22AE87A39007F317A /* TrainingProgressKmView.swift */ = {isa = PBXFileReference; lastKnownFileType = sourcecode.swift; path = TrainingProgressKmView.swift; sourceTree = "<group>"; };
		9B2CCFF52AE87AA8007F317A /* Date+Extensions.swift */ = {isa = PBXFileReference; lastKnownFileType = sourcecode.swift; path = "Date+Extensions.swift"; sourceTree = "<group>"; };
		9B2CCFF72AE87AC7007F317A /* ProgressTrainingManager.swift */ = {isa = PBXFileReference; lastKnownFileType = sourcecode.swift; path = ProgressTrainingManager.swift; sourceTree = "<group>"; };
		9B2CCFF92AE87BDF007F317A /* ProgressBarViewModel.swift */ = {isa = PBXFileReference; lastKnownFileType = sourcecode.swift; path = ProgressBarViewModel.swift; sourceTree = "<group>"; };
		9B2CCFFB2AE87BF4007F317A /* SectionTrainingModel.swift */ = {isa = PBXFileReference; lastKnownFileType = sourcecode.swift; path = SectionTrainingModel.swift; sourceTree = "<group>"; };
		9B2CCFFD2AE87C4A007F317A /* TrainingCellViewModel.swift */ = {isa = PBXFileReference; lastKnownFileType = sourcecode.swift; path = TrainingCellViewModel.swift; sourceTree = "<group>"; };
		9B4105562B18B23500637F62 /* DetailedInfoViewModel.swift */ = {isa = PBXFileReference; lastKnownFileType = sourcecode.swift; path = DetailedInfoViewModel.swift; sourceTree = "<group>"; };
		9B4105582B18B2F300637F62 /* DetailedResultViewModel.swift */ = {isa = PBXFileReference; lastKnownFileType = sourcecode.swift; path = DetailedResultViewModel.swift; sourceTree = "<group>"; };
		9B41055A2B18B35300637F62 /* DetailedEveryKilometrViewModel.swift */ = {isa = PBXFileReference; lastKnownFileType = sourcecode.swift; path = DetailedEveryKilometrViewModel.swift; sourceTree = "<group>"; };
		9B41055C2B18B3EC00637F62 /* DetailedPulseViewModel.swift */ = {isa = PBXFileReference; lastKnownFileType = sourcecode.swift; path = DetailedPulseViewModel.swift; sourceTree = "<group>"; };
		9B41055E2B18B46E00637F62 /* DetailedMapViewModel.swift */ = {isa = PBXFileReference; lastKnownFileType = sourcecode.swift; path = DetailedMapViewModel.swift; sourceTree = "<group>"; };
		9B4105602B18BC5200637F62 /* DetailedResultTableViewCell.swift */ = {isa = PBXFileReference; lastKnownFileType = sourcecode.swift; path = DetailedResultTableViewCell.swift; sourceTree = "<group>"; };
		9B4105622B18C31700637F62 /* DetailedEveryKilometrTableViewCell.swift */ = {isa = PBXFileReference; lastKnownFileType = sourcecode.swift; path = DetailedEveryKilometrTableViewCell.swift; sourceTree = "<group>"; };
		9B56AE9A2B2F262300536CF2 /* InformationTrainingManager.swift */ = {isa = PBXFileReference; lastKnownFileType = sourcecode.swift; path = InformationTrainingManager.swift; sourceTree = "<group>"; };
		9B5AC3672AEFDCB0009130C0 /* ListTrainingConfigurator.swift */ = {isa = PBXFileReference; lastKnownFileType = sourcecode.swift; path = ListTrainingConfigurator.swift; sourceTree = "<group>"; };
		9B5AC3692AEFDCC8009130C0 /* ListTrainingInteractor.swift */ = {isa = PBXFileReference; lastKnownFileType = sourcecode.swift; path = ListTrainingInteractor.swift; sourceTree = "<group>"; };
		9B5AC36B2AEFDCEE009130C0 /* ListTrainingPresenter.swift */ = {isa = PBXFileReference; lastKnownFileType = sourcecode.swift; path = ListTrainingPresenter.swift; sourceTree = "<group>"; };
		9B5AC36D2AEFDCFB009130C0 /* ListTrainingRouter.swift */ = {isa = PBXFileReference; lastKnownFileType = sourcecode.swift; path = ListTrainingRouter.swift; sourceTree = "<group>"; };
		9B5AC36F2AEFDD0D009130C0 /* ListTrainingViewController.swift */ = {isa = PBXFileReference; lastKnownFileType = sourcecode.swift; path = ListTrainingViewController.swift; sourceTree = "<group>"; };
		9B65883C2AB1EBF2003102F7 /* HelperValueTempsModel.swift */ = {isa = PBXFileReference; lastKnownFileType = sourcecode.swift; path = HelperValueTempsModel.swift; sourceTree = "<group>"; };
		9B74A9832B1006B7000934FE /* DetailedInfTableViewCell.swift */ = {isa = PBXFileReference; lastKnownFileType = sourcecode.swift; path = DetailedInfTableViewCell.swift; sourceTree = "<group>"; };
		9B74B35F2AF51D2F00904A73 /* ListCollectionViewCell.swift */ = {isa = PBXFileReference; lastKnownFileType = sourcecode.swift; path = ListCollectionViewCell.swift; sourceTree = "<group>"; };
		9B783E442B444AC400E29536 /* ChartsPresenter.swift */ = {isa = PBXFileReference; lastKnownFileType = sourcecode.swift; path = ChartsPresenter.swift; sourceTree = "<group>"; };
		9B783E462B444AD600E29536 /* ChartsViewController.swift */ = {isa = PBXFileReference; lastKnownFileType = sourcecode.swift; path = ChartsViewController.swift; sourceTree = "<group>"; };
		9B783E482B444AE200E29536 /* ChartsInteractor.swift */ = {isa = PBXFileReference; lastKnownFileType = sourcecode.swift; path = ChartsInteractor.swift; sourceTree = "<group>"; };
		9B783E4A2B444AEB00E29536 /* ChartsRouter.swift */ = {isa = PBXFileReference; lastKnownFileType = sourcecode.swift; path = ChartsRouter.swift; sourceTree = "<group>"; };
		9B783E4C2B444AFB00E29536 /* ChartsConfigurator.swift */ = {isa = PBXFileReference; lastKnownFileType = sourcecode.swift; path = ChartsConfigurator.swift; sourceTree = "<group>"; };
		9B79BDDD2AA4397100BFA5BC /* CircleViewModel.swift */ = {isa = PBXFileReference; lastKnownFileType = sourcecode.swift; path = CircleViewModel.swift; sourceTree = "<group>"; };
		9B79BDDF2AA4443A00BFA5BC /* CircleTableViewCell.swift */ = {isa = PBXFileReference; lastKnownFileType = sourcecode.swift; path = CircleTableViewCell.swift; sourceTree = "<group>"; };
		9B7A519D2B56C01300D77B19 /* ChartDirectionEnum.swift */ = {isa = PBXFileReference; lastKnownFileType = sourcecode.swift; path = ChartDirectionEnum.swift; sourceTree = "<group>"; };
		9B7A6E0C2AFB3110001CC644 /* ListTrainingManager.swift */ = {isa = PBXFileReference; lastKnownFileType = sourcecode.swift; path = ListTrainingManager.swift; sourceTree = "<group>"; };
		9B7E10E62B0C1392000904F1 /* DetailedTrainingInteractor.swift */ = {isa = PBXFileReference; lastKnownFileType = sourcecode.swift; path = DetailedTrainingInteractor.swift; sourceTree = "<group>"; };
		9B7E10E82B0C139B000904F1 /* DetailedTrainingRouter.swift */ = {isa = PBXFileReference; lastKnownFileType = sourcecode.swift; path = DetailedTrainingRouter.swift; sourceTree = "<group>"; };
		9B7E10EA2B0C13BB000904F1 /* DetailedTrainingConfigurator.swift */ = {isa = PBXFileReference; lastKnownFileType = sourcecode.swift; path = DetailedTrainingConfigurator.swift; sourceTree = "<group>"; };
		9B7E10EC2B0C1404000904F1 /* DetailedTrainingPresenter.swift */ = {isa = PBXFileReference; lastKnownFileType = sourcecode.swift; path = DetailedTrainingPresenter.swift; sourceTree = "<group>"; };
		9B7E10EE2B0C140F000904F1 /* DetailedTrainingViewController.swift */ = {isa = PBXFileReference; lastKnownFileType = sourcecode.swift; path = DetailedTrainingViewController.swift; sourceTree = "<group>"; };
		9B8605B82B4AA00C00CF5148 /* ChartsDataViewModel.swift */ = {isa = PBXFileReference; lastKnownFileType = sourcecode.swift; path = ChartsDataViewModel.swift; sourceTree = "<group>"; };
		9B8605BA2B4AA43500CF5148 /* ChartsManager.swift */ = {isa = PBXFileReference; lastKnownFileType = sourcecode.swift; path = ChartsManager.swift; sourceTree = "<group>"; };
		9B8D90982B1A1D9700885630 /* DetailedTrainingManager.swift */ = {isa = PBXFileReference; lastKnownFileType = sourcecode.swift; path = DetailedTrainingManager.swift; sourceTree = "<group>"; };
		9B8EFD162B271B8F00AC9DBE /* DetailedTrainingEnum.swift */ = {isa = PBXFileReference; lastKnownFileType = sourcecode.swift; path = DetailedTrainingEnum.swift; sourceTree = "<group>"; };
		9B9424E52B25B8AE005A28E3 /* String+Extension.swift */ = {isa = PBXFileReference; lastKnownFileType = sourcecode.swift; path = "String+Extension.swift"; sourceTree = "<group>"; };
		9B9948012B61263B00F41A1D /* .swiftlint.yml */ = {isa = PBXFileReference; lastKnownFileType = text.yaml; path = .swiftlint.yml; sourceTree = "<group>"; };
		9B9AD70A2AF7BAA900464951 /* ListHeaderCollectionView.swift */ = {isa = PBXFileReference; lastKnownFileType = sourcecode.swift; path = ListHeaderCollectionView.swift; sourceTree = "<group>"; };
		9B9AD70C2AF7BF3800464951 /* SectionListTrainingModel.swift */ = {isa = PBXFileReference; lastKnownFileType = sourcecode.swift; path = SectionListTrainingModel.swift; sourceTree = "<group>"; };
		9BA2E2902AAA820700A947E2 /* HeaderForCircleView.swift */ = {isa = PBXFileReference; lastKnownFileType = sourcecode.swift; path = HeaderForCircleView.swift; sourceTree = "<group>"; };
		9BA4017D2BD4F9D200199125 /* UnitRunTestsCharts.swift */ = {isa = PBXFileReference; lastKnownFileType = sourcecode.swift; path = UnitRunTestsCharts.swift; sourceTree = "<group>"; };
		9BCAD9F02BD3F58200B1F8D5 /* UnitRunTests.xctest */ = {isa = PBXFileReference; explicitFileType = wrapper.cfbundle; includeInIndex = 0; path = UnitRunTests.xctest; sourceTree = BUILT_PRODUCTS_DIR; };
		9BCAD9F22BD3F58200B1F8D5 /* UnitRunTestsTrainingManager.swift */ = {isa = PBXFileReference; lastKnownFileType = sourcecode.swift; path = UnitRunTestsTrainingManager.swift; sourceTree = "<group>"; };
/* End PBXFileReference section */

/* Begin PBXFrameworksBuildPhase section */
		8705D8712A978427002BBDC2 /* Frameworks */ = {
			isa = PBXFrameworksBuildPhase;
			buildActionMask = 2147483647;
			files = (
				9B94D4A42B44F92A006CDA0B /* DGCharts in Frameworks */,
				87A8DEE52AA3061E00F49A62 /* FirebaseDatabase in Frameworks */,
				87A8DEE72AA3061E00F49A62 /* FirebaseFirestore in Frameworks */,
				873BE8582AC2AC24006DC498 /* Kingfisher in Frameworks */,
				87DFA1E02AB346C900B20B40 /* OrderedCollections in Frameworks */,
				8705D8942A9789AD002BBDC2 /* SnapKit in Frameworks */,
				87A8DEE92AA3061E00F49A62 /* FirebaseStorage in Frameworks */,
				9B86E98A2B77A9F100634D00 /* SwipeCellKit in Frameworks */,
				87A8DEE32AA3061E00F49A62 /* FirebaseAuth in Frameworks */,
			);
			runOnlyForDeploymentPostprocessing = 0;
		};
		9BCAD9ED2BD3F58200B1F8D5 /* Frameworks */ = {
			isa = PBXFrameworksBuildPhase;
			buildActionMask = 2147483647;
			files = (
			);
			runOnlyForDeploymentPostprocessing = 0;
		};
/* End PBXFrameworksBuildPhase section */

/* Begin PBXGroup section */
		8705D86B2A978427002BBDC2 = {
			isa = PBXGroup;
			children = (
				9B9948012B61263B00F41A1D /* .swiftlint.yml */,
				8705D8762A978427002BBDC2 /* Run */,
				9BCAD9F12BD3F58200B1F8D5 /* UnitRunTests */,
				8705D8752A978427002BBDC2 /* Products */,
			);
			sourceTree = "<group>";
		};
		8705D8752A978427002BBDC2 /* Products */ = {
			isa = PBXGroup;
			children = (
				8705D8742A978427002BBDC2 /* Run.app */,
				9BCAD9F02BD3F58200B1F8D5 /* UnitRunTests.xctest */,
			);
			name = Products;
			sourceTree = "<group>";
		};
		8705D8762A978427002BBDC2 /* Run */ = {
			isa = PBXGroup;
			children = (
				878EBC052A98D871001219F9 /* Support Files */,
				878EBBFB2A98D48D001219F9 /* Application */,
				8705D8B12A979A23002BBDC2 /* Extensions */,
				8705D8AE2A979918002BBDC2 /* Helper */,
				8705D8AB2A9795EF002BBDC2 /* CustomUI */,
				8705D88B2A9786B7002BBDC2 /* MainApplication */,
				8705D8772A978427002BBDC2 /* AppDelegate.swift */,
				8705D8792A978427002BBDC2 /* SceneDelegate.swift */,
				8705D87B2A978427002BBDC2 /* ViewController.swift */,
				8705D87D2A978427002BBDC2 /* Main.storyboard */,
				8705D8802A978428002BBDC2 /* Assets.xcassets */,
				8705D8822A978428002BBDC2 /* LaunchScreen.storyboard */,
				8705D8852A978428002BBDC2 /* Info.plist */,
				87C46D222A9E37670094A8F0 /* GoogleService-Info.plist */,
			);
			path = Run;
			sourceTree = "<group>";
		};
		8705D88B2A9786B7002BBDC2 /* MainApplication */ = {
			isa = PBXGroup;
			children = (
				9B783E432B444A3400E29536 /* Charts */,
				871815952AA76BEC007CD141 /* EditProfile */,
				876A77FB2A9CC79000E64269 /* Auth */,
				87EE80A82A99C92A00EF4ADD /* Training */,
				9B5AC3642AEFDBDC009130C0 /* ListTraining */,
				9B7E10E52B0C12E9000904F1 /* DetailedTraining */,
				8705D8A02A978A3D002BBDC2 /* Profile */,
				8705D8952A978A29002BBDC2 /* Stopwatch */,
				8705D88C2A978716002BBDC2 /* StartViewController.swift */,
				8705D88E2A97876F002BBDC2 /* RootMainApplicitionController.swift */,
			);
			path = MainApplication;
			sourceTree = "<group>";
		};
		8705D8952A978A29002BBDC2 /* Stopwatch */ = {
			isa = PBXGroup;
			children = (
				87EE80C22A99CEED00EF4ADD /* View */,
				878EBC122A98F203001219F9 /* Model */,
				8705D8962A978A38002BBDC2 /* StopwatchPresenter.swift */,
				8705D8972A978A38002BBDC2 /* StopwatchRouter.swift */,
				8705D8982A978A38002BBDC2 /* StopwatchViewController.swift */,
				8705D8992A978A38002BBDC2 /* StopwatchInteractor.swift */,
				8705D89A2A978A38002BBDC2 /* StopwatchConfigurator.swift */,
			);
			path = Stopwatch;
			sourceTree = "<group>";
		};
		8705D8A02A978A3D002BBDC2 /* Profile */ = {
			isa = PBXGroup;
			children = (
				8758968E2AA4CB3D002027FA /* Model */,
				8758968A2AA4CAD1002027FA /* View */,
				8705D8A12A978A51002BBDC2 /* ProfilePresenter.swift */,
				8705D8A22A978A51002BBDC2 /* ProfileRouter.swift */,
				8705D8A32A978A51002BBDC2 /* ProfileViewController.swift */,
				8705D8A42A978A51002BBDC2 /* ProfileInteractor.swift */,
				8705D8A52A978A51002BBDC2 /* ProfileConfigurator.swift */,
			);
			path = Profile;
			sourceTree = "<group>";
		};
		8705D8AB2A9795EF002BBDC2 /* CustomUI */ = {
			isa = PBXGroup;
			children = (
				8705D8AC2A979621002BBDC2 /* RoundButton.swift */,
				878EBC102A98E347001219F9 /* TimerStatsLabel.swift */,
				871815932AA76418007CD141 /* AuthTextField.swift */,
				873BE84A2AC2A724006DC498 /* ActivityIndicatorView.swift */,
				873BE84C2AC2AA5F006DC498 /* InfiniteScrollingBehaviour.swift */,
			);
			path = CustomUI;
			sourceTree = "<group>";
		};
		8705D8AE2A979918002BBDC2 /* Helper */ = {
			isa = PBXGroup;
			children = (
				8705D8AF2A97992A002BBDC2 /* TimerManager.swift */,
				87EE80A42A99C8BB00EF4ADD /* LocationManager.swift */,
				87EE80A62A99C90B00EF4ADD /* TrainingManager.swift */,
				8775B9662AA0D49D00EEA6F9 /* AuthManager.swift */,
				87A8DEEA2AA3087800F49A62 /* DatabaseService.swift */,
				872F69DE2ABC6DCF00CFCBD1 /* LoggerManager.swift */,
				9B2CCFF72AE87AC7007F317A /* ProgressTrainingManager.swift */,
				9B7A6E0C2AFB3110001CC644 /* ListTrainingManager.swift */,
				9B8D90982B1A1D9700885630 /* DetailedTrainingManager.swift */,
				9B56AE9A2B2F262300536CF2 /* InformationTrainingManager.swift */,
				9B8605BA2B4AA43500CF5148 /* ChartsManager.swift */,
			);
			path = Helper;
			sourceTree = "<group>";
		};
		8705D8B12A979A23002BBDC2 /* Extensions */ = {
			isa = PBXGroup;
			children = (
				9B2CCFF42AE87A9D007F317A /* Date */,
				873BE8592AC2AC39006DC498 /* UIImage */,
				873BE8532AC2ABBF006DC498 /* String */,
				873BE84E2AC2AAC8006DC498 /* Int */,
				875896872AA4C2BE002027FA /* UIViewController */,
				878EBC022A98D56C001219F9 /* Double */,
				878EBBFF2A98D52F001219F9 /* UIColor */,
			);
			path = Extensions;
			sourceTree = "<group>";
		};
		871815952AA76BEC007CD141 /* EditProfile */ = {
			isa = PBXGroup;
			children = (
				871815962AA76C0C007CD141 /* EditProfilePresenter.swift */,
				871815972AA76C0C007CD141 /* EditProfileRouter.swift */,
				871815982AA76C0C007CD141 /* EditProfileViewController.swift */,
				871815992AA76C0C007CD141 /* EditProfileInteractor.swift */,
				8718159A2AA76C0C007CD141 /* EditProfileConfigurator.swift */,
			);
			path = EditProfile;
			sourceTree = "<group>";
		};
		873BE84E2AC2AAC8006DC498 /* Int */ = {
			isa = PBXGroup;
			children = (
				873BE84F2AC2AADE006DC498 /* Int+CGFloat.swift */,
			);
			path = Int;
			sourceTree = "<group>";
		};
		873BE8532AC2ABBF006DC498 /* String */ = {
			isa = PBXGroup;
			children = (
				873BE8542AC2ABC9006DC498 /* String+IsImage.swift */,
				873BE85C2AC2AC73006DC498 /* String+Format.swift */,
				9B9424E52B25B8AE005A28E3 /* String+Extension.swift */,
			);
			path = String;
			sourceTree = "<group>";
		};
		873BE8592AC2AC39006DC498 /* UIImage */ = {
			isa = PBXGroup;
			children = (
				873BE85A2AC2AC48006DC498 /* UIImageView+SetImage.swift */,
				873BE85E2AC2ACBD006DC498 /* UIImage+RoundedCorners.swift */,
			);
			path = UIImage;
			sourceTree = "<group>";
		};
		875896872AA4C2BE002027FA /* UIViewController */ = {
			isa = PBXGroup;
			children = (
				875896882AA4C2D0002027FA /* UIViewController+Alert.swift */,
				875896942AA4D59A002027FA /* UIViewController+ActivityIndicator.swift */,
			);
			path = UIViewController;
			sourceTree = "<group>";
		};
		8758968A2AA4CAD1002027FA /* View */ = {
			isa = PBXGroup;
			children = (
				87B18ACC2AC1CF5F0069CA69 /* Sneakers */,
				8758968B2AA4CAD9002027FA /* Cell */,
			);
			path = View;
			sourceTree = "<group>";
		};
		8758968B2AA4CAD9002027FA /* Cell */ = {
			isa = PBXGroup;
			children = (
				8758968C2AA4CAEA002027FA /* ProfileTableViewCell.swift */,
			);
			path = Cell;
			sourceTree = "<group>";
		};
		8758968E2AA4CB3D002027FA /* Model */ = {
			isa = PBXGroup;
			children = (
				8758968F2AA4CB49002027FA /* Cell */,
				875896922AA4CDC1002027FA /* ProfileViewModel.swift */,
			);
			path = Model;
			sourceTree = "<group>";
		};
		8758968F2AA4CB49002027FA /* Cell */ = {
			isa = PBXGroup;
			children = (
				875896902AA4CB5A002027FA /* ProfileTableViewCellViewModel.swift */,
			);
			path = Cell;
			sourceTree = "<group>";
		};
		876A77FB2A9CC79000E64269 /* Auth */ = {
			isa = PBXGroup;
			children = (
				87B551762A9F89FA00726D59 /* Model */,
				87C46D2F2A9E38380094A8F0 /* Registration */,
				87C46D242A9E37C50094A8F0 /* Login */,
				876A77FC2A9CC7B400E64269 /* AuthViewController.swift */,
			);
			path = Auth;
			sourceTree = "<group>";
		};
		878EBBFB2A98D48D001219F9 /* Application */ = {
			isa = PBXGroup;
			children = (
				878EBC172A98FB65001219F9 /* Localization */,
				878EBBFC2A98D4A8001219F9 /* OurSettings */,
				878EBC152A98F24F001219F9 /* ConfigurableViewProtocol.swift */,
				8775B9642AA0C20100EEA6F9 /* GlobalData.swift */,
				87DFA1DC2AB3431100B20B40 /* ActivityIndicatorProtocol.swift */,
				87B18ACA2AC1C1B50069CA69 /* DictionaryConvertible.swift */,
			);
			path = Application;
			sourceTree = "<group>";
		};
		878EBBFC2A98D4A8001219F9 /* OurSettings */ = {
			isa = PBXGroup;
			children = (
				878EBBFD2A98D4E8001219F9 /* PaletteApp.swift */,
				878EBC032A98D7D2001219F9 /* OurFonts.swift */,
				873BE8602AC2B010006DC498 /* ListImages.swift */,
			);
			path = OurSettings;
			sourceTree = "<group>";
		};
		878EBBFF2A98D52F001219F9 /* UIColor */ = {
			isa = PBXGroup;
			children = (
				878EBC002A98D538001219F9 /*  UIColor+HEX.swift */,
			);
			path = UIColor;
			sourceTree = "<group>";
		};
		878EBC022A98D56C001219F9 /* Double */ = {
			isa = PBXGroup;
			children = (
				8705D8B22A979A38002BBDC2 /* Double+Extensions.swift */,
			);
			path = Double;
			sourceTree = "<group>";
		};
		878EBC052A98D871001219F9 /* Support Files */ = {
			isa = PBXGroup;
			children = (
				87EE80C52A99D25500EF4ADD /* Coordinates */,
				878EBC062A98D88B001219F9 /* Fonts */,
			);
			path = "Support Files";
			sourceTree = "<group>";
		};
		878EBC062A98D88B001219F9 /* Fonts */ = {
			isa = PBXGroup;
			children = (
				878EBC072A98D8AD001219F9 /* PT_Sans */,
			);
			path = Fonts;
			sourceTree = "<group>";
		};
		878EBC072A98D8AD001219F9 /* PT_Sans */ = {
			isa = PBXGroup;
			children = (
				878EBC0B2A98D8C2001219F9 /* PTSans-Bold.ttf */,
				878EBC082A98D8C2001219F9 /* PTSans-BoldItalic.ttf */,
				878EBC092A98D8C2001219F9 /* PTSans-Italic.ttf */,
				878EBC0A2A98D8C2001219F9 /* PTSans-Regular.ttf */,
			);
			path = PT_Sans;
			sourceTree = "<group>";
		};
		878EBC122A98F203001219F9 /* Model */ = {
			isa = PBXGroup;
			children = (
				878EBC132A98F212001219F9 /* TimerStatsViewModel.swift */,
				87EE80C02A99CD8A00EF4ADD /* TimerViewModel.swift */,
				9B79BDDD2AA4397100BFA5BC /* CircleViewModel.swift */,
				9B65883C2AB1EBF2003102F7 /* HelperValueTempsModel.swift */,
			);
			path = Model;
			sourceTree = "<group>";
		};
		878EBC172A98FB65001219F9 /* Localization */ = {
			isa = PBXGroup;
			children = (
				878EBC182A98FB7E001219F9 /* Digest.swift */,
				878EBC1A2A98FBCF001219F9 /* Localizable.strings */,
			);
			path = Localization;
			sourceTree = "<group>";
		};
		87B18ACC2AC1CF5F0069CA69 /* Sneakers */ = {
			isa = PBXGroup;
			children = (
				87B18ACD2AC1CF800069CA69 /* ProfileSneakersView.swift */,
				873BE8512AC2AB85006DC498 /* ProfileSneakersCollectionViewCell.swift */,
			);
			path = Sneakers;
			sourceTree = "<group>";
		};
		87B551762A9F89FA00726D59 /* Model */ = {
			isa = PBXGroup;
			children = (
				87B551772A9F8A1400726D59 /* AppUser.swift */,
			);
			path = Model;
			sourceTree = "<group>";
		};
		87C46D242A9E37C50094A8F0 /* Login */ = {
			isa = PBXGroup;
			children = (
				87C46D252A9E37DF0094A8F0 /* LoginPresenter.swift */,
				87C46D262A9E37DF0094A8F0 /* LoginRouter.swift */,
				87C46D272A9E37DF0094A8F0 /* LoginViewController.swift */,
				87C46D282A9E37DF0094A8F0 /* LoginInteractor.swift */,
				87C46D292A9E37DF0094A8F0 /* LoginConfigurator.swift */,
			);
			path = Login;
			sourceTree = "<group>";
		};
		87C46D2F2A9E38380094A8F0 /* Registration */ = {
			isa = PBXGroup;
			children = (
				87C46D302A9E38530094A8F0 /* RegistrationPresenter.swift */,
				87C46D312A9E38530094A8F0 /* RegistrationRouter.swift */,
				87C46D322A9E38530094A8F0 /* RegistrationViewController.swift */,
				87C46D332A9E38530094A8F0 /* RegistrationInteractor.swift */,
				87C46D342A9E38530094A8F0 /* RegistrationConfigurator.swift */,
			);
			path = Registration;
			sourceTree = "<group>";
		};
		87EE80A82A99C92A00EF4ADD /* Training */ = {
			isa = PBXGroup;
			children = (
				9B90D1A62B078D21001688AC /* View */,
				87EE80B32A99C93F00EF4ADD /* Model */,
				87EE80A92A99C93800EF4ADD /* TrainingPresenter.swift */,
				87EE80AA2A99C93800EF4ADD /* TrainingRouter.swift */,
				87EE80AB2A99C93800EF4ADD /* TrainingViewController.swift */,
				87EE80AC2A99C93800EF4ADD /* TrainingInteractor.swift */,
				87EE80AD2A99C93800EF4ADD /* TrainingConfigurator.swift */,
			);
			path = Training;
			sourceTree = "<group>";
		};
		87EE80B32A99C93F00EF4ADD /* Model */ = {
			isa = PBXGroup;
			children = (
				87EE80BE2A99C95D00EF4ADD /* Training.swift */,
				9B2CCFF92AE87BDF007F317A /* ProgressBarViewModel.swift */,
				9B2CCFFB2AE87BF4007F317A /* SectionTrainingModel.swift */,
				9B2CCFFD2AE87C4A007F317A /* TrainingCellViewModel.swift */,
			);
			path = Model;
			sourceTree = "<group>";
		};
		87EE80C22A99CEED00EF4ADD /* View */ = {
			isa = PBXGroup;
			children = (
				87EE80C32A99CF0A00EF4ADD /* TimerDataView.swift */,
				9B79BDDF2AA4443A00BFA5BC /* CircleTableViewCell.swift */,
				9BA2E2902AAA820700A947E2 /* HeaderForCircleView.swift */,
			);
			path = View;
			sourceTree = "<group>";
		};
		87EE80C52A99D25500EF4ADD /* Coordinates */ = {
			isa = PBXGroup;
			children = (
				87EE80C62A99D27900EF4ADD /* coordinates.gpx */,
			);
			path = Coordinates;
			sourceTree = "<group>";
		};
		9B2CCFF42AE87A9D007F317A /* Date */ = {
			isa = PBXGroup;
			children = (
				9B2CCFF52AE87AA8007F317A /* Date+Extensions.swift */,
			);
			path = Date;
			sourceTree = "<group>";
		};
		9B5AC3642AEFDBDC009130C0 /* ListTraining */ = {
			isa = PBXGroup;
			children = (
				9B90D1A52B07843C001688AC /* View */,
				9B90D1A42B078435001688AC /* Model */,
				9B5AC3672AEFDCB0009130C0 /* ListTrainingConfigurator.swift */,
				9B5AC3692AEFDCC8009130C0 /* ListTrainingInteractor.swift */,
				9B5AC36B2AEFDCEE009130C0 /* ListTrainingPresenter.swift */,
				9B5AC36D2AEFDCFB009130C0 /* ListTrainingRouter.swift */,
				9B5AC36F2AEFDD0D009130C0 /* ListTrainingViewController.swift */,
			);
			path = ListTraining;
			sourceTree = "<group>";
		};
		9B783E432B444A3400E29536 /* Charts */ = {
			isa = PBXGroup;
			children = (
				9B8605B72B4A9F6F00CF5148 /* Model */,
				9B783E442B444AC400E29536 /* ChartsPresenter.swift */,
				9B783E4A2B444AEB00E29536 /* ChartsRouter.swift */,
				9B783E462B444AD600E29536 /* ChartsViewController.swift */,
				9B783E482B444AE200E29536 /* ChartsInteractor.swift */,
				9B783E4C2B444AFB00E29536 /* ChartsConfigurator.swift */,
			);
			path = Charts;
			sourceTree = "<group>";
		};
		9B7E10E52B0C12E9000904F1 /* DetailedTraining */ = {
			isa = PBXGroup;
			children = (
				9B7E10F02B0C1456000904F1 /* View */,
				9B7E10F12B0C145D000904F1 /* Model */,
				9B7E10EC2B0C1404000904F1 /* DetailedTrainingPresenter.swift */,
				9B7E10E82B0C139B000904F1 /* DetailedTrainingRouter.swift */,
				9B7E10EE2B0C140F000904F1 /* DetailedTrainingViewController.swift */,
				9B7E10E62B0C1392000904F1 /* DetailedTrainingInteractor.swift */,
				9B7E10EA2B0C13BB000904F1 /* DetailedTrainingConfigurator.swift */,
			);
			path = DetailedTraining;
			sourceTree = "<group>";
		};
		9B7E10F02B0C1456000904F1 /* View */ = {
			isa = PBXGroup;
			children = (
				9B74A9832B1006B7000934FE /* DetailedInfTableViewCell.swift */,
				9B4105602B18BC5200637F62 /* DetailedResultTableViewCell.swift */,
				9B4105622B18C31700637F62 /* DetailedEveryKilometrTableViewCell.swift */,
			);
			path = View;
			sourceTree = "<group>";
		};
		9B7E10F12B0C145D000904F1 /* Model */ = {
			isa = PBXGroup;
			children = (
				9B4105562B18B23500637F62 /* DetailedInfoViewModel.swift */,
				9B4105582B18B2F300637F62 /* DetailedResultViewModel.swift */,
				9B41055A2B18B35300637F62 /* DetailedEveryKilometrViewModel.swift */,
				9B41055C2B18B3EC00637F62 /* DetailedPulseViewModel.swift */,
				9B41055E2B18B46E00637F62 /* DetailedMapViewModel.swift */,
				9B8EFD162B271B8F00AC9DBE /* DetailedTrainingEnum.swift */,
			);
			path = Model;
			sourceTree = "<group>";
		};
		9B8605B72B4A9F6F00CF5148 /* Model */ = {
			isa = PBXGroup;
			children = (
				9B8605B82B4AA00C00CF5148 /* ChartsDataViewModel.swift */,
				9B7A519D2B56C01300D77B19 /* ChartDirectionEnum.swift */,
			);
			path = Model;
			sourceTree = "<group>";
		};
		9B90D1A42B078435001688AC /* Model */ = {
			isa = PBXGroup;
			children = (
				9B9AD70C2AF7BF3800464951 /* SectionListTrainingModel.swift */,
			);
			path = Model;
			sourceTree = "<group>";
		};
		9B90D1A52B07843C001688AC /* View */ = {
			isa = PBXGroup;
			children = (
				9B9AD70A2AF7BAA900464951 /* ListHeaderCollectionView.swift */,
				9B74B35F2AF51D2F00904A73 /* ListCollectionViewCell.swift */,
			);
			path = View;
			sourceTree = "<group>";
		};
		9B90D1A62B078D21001688AC /* View */ = {
			isa = PBXGroup;
			children = (
				9B2CCFEC2AE8798B007F317A /* TrainingHeaderView.swift */,
				9B2CCFEE2AE879BF007F317A /* TrainingTableViewCell.swift */,
				9B2CCFF02AE879F6007F317A /* TrainingProgressStepView.swift */,
				9B2CCFF22AE87A39007F317A /* TrainingProgressKmView.swift */,
			);
			path = View;
			sourceTree = "<group>";
		};
		9BCAD9F12BD3F58200B1F8D5 /* UnitRunTests */ = {
			isa = PBXGroup;
			children = (
				9BCAD9F22BD3F58200B1F8D5 /* UnitRunTestsTrainingManager.swift */,
				9BA4017D2BD4F9D200199125 /* UnitRunTestsCharts.swift */,
			);
			path = UnitRunTests;
			sourceTree = "<group>";
		};
/* End PBXGroup section */

/* Begin PBXNativeTarget section */
		8705D8732A978427002BBDC2 /* Run */ = {
			isa = PBXNativeTarget;
			buildConfigurationList = 8705D8882A978428002BBDC2 /* Build configuration list for PBXNativeTarget "Run" */;
			buildPhases = (
				8705D8702A978427002BBDC2 /* Sources */,
				8705D8712A978427002BBDC2 /* Frameworks */,
				8705D8722A978427002BBDC2 /* Resources */,
				9B9948022B61265F00F41A1D /* SwiftLint */,
			);
			buildRules = (
			);
			dependencies = (
			);
			name = Run;
			packageProductDependencies = (
				8705D8932A9789AD002BBDC2 /* SnapKit */,
				87A8DEE22AA3061E00F49A62 /* FirebaseAuth */,
				87A8DEE42AA3061E00F49A62 /* FirebaseDatabase */,
				87A8DEE62AA3061E00F49A62 /* FirebaseFirestore */,
				87A8DEE82AA3061E00F49A62 /* FirebaseStorage */,
				87DFA1DF2AB346C900B20B40 /* OrderedCollections */,
				873BE8572AC2AC24006DC498 /* Kingfisher */,
				9B94D4A32B44F92A006CDA0B /* DGCharts */,
				9B86E9892B77A9F100634D00 /* SwipeCellKit */,
			);
			productName = Run;
			productReference = 8705D8742A978427002BBDC2 /* Run.app */;
			productType = "com.apple.product-type.application";
		};
		9BCAD9EF2BD3F58200B1F8D5 /* UnitRunTests */ = {
			isa = PBXNativeTarget;
			buildConfigurationList = 9BCAD9F82BD3F58200B1F8D5 /* Build configuration list for PBXNativeTarget "UnitRunTests" */;
			buildPhases = (
				9BCAD9EC2BD3F58200B1F8D5 /* Sources */,
				9BCAD9ED2BD3F58200B1F8D5 /* Frameworks */,
				9BCAD9EE2BD3F58200B1F8D5 /* Resources */,
			);
			buildRules = (
			);
			dependencies = (
				9BCAD9F52BD3F58200B1F8D5 /* PBXTargetDependency */,
			);
			name = UnitRunTests;
			productName = UnitRunTests;
			productReference = 9BCAD9F02BD3F58200B1F8D5 /* UnitRunTests.xctest */;
			productType = "com.apple.product-type.bundle.unit-test";
		};
/* End PBXNativeTarget section */

/* Begin PBXProject section */
		8705D86C2A978427002BBDC2 /* Project object */ = {
			isa = PBXProject;
			attributes = {
				BuildIndependentTargetsInParallel = 1;
				LastSwiftUpdateCheck = 1530;
				LastUpgradeCheck = 1530;
				TargetAttributes = {
					8705D8732A978427002BBDC2 = {
						CreatedOnToolsVersion = 14.3.1;
					};
					9BCAD9EF2BD3F58200B1F8D5 = {
						CreatedOnToolsVersion = 15.3;
						TestTargetID = 8705D8732A978427002BBDC2;
					};
				};
			};
			buildConfigurationList = 8705D86F2A978427002BBDC2 /* Build configuration list for PBXProject "Run" */;
			compatibilityVersion = "Xcode 14.0";
			developmentRegion = en;
			hasScannedForEncodings = 0;
			knownRegions = (
				en,
				Base,
			);
			mainGroup = 8705D86B2A978427002BBDC2;
			packageReferences = (
				8705D8922A9789AD002BBDC2 /* XCRemoteSwiftPackageReference "SnapKit" */,
				87A8DEE12AA3061E00F49A62 /* XCRemoteSwiftPackageReference "firebase-ios-sdk" */,
				87DFA1DE2AB346C900B20B40 /* XCRemoteSwiftPackageReference "swift-collections" */,
				873BE8562AC2AC24006DC498 /* XCRemoteSwiftPackageReference "Kingfisher" */,
				9B94D4A22B44F92A006CDA0B /* XCRemoteSwiftPackageReference "Charts" */,
				9B86E9882B77A9F100634D00 /* XCRemoteSwiftPackageReference "SwipeCellKit" */,
			);
			productRefGroup = 8705D8752A978427002BBDC2 /* Products */;
			projectDirPath = "";
			projectRoot = "";
			targets = (
				8705D8732A978427002BBDC2 /* Run */,
				9BCAD9EF2BD3F58200B1F8D5 /* UnitRunTests */,
			);
		};
/* End PBXProject section */

/* Begin PBXResourcesBuildPhase section */
		8705D8722A978427002BBDC2 /* Resources */ = {
			isa = PBXResourcesBuildPhase;
			buildActionMask = 2147483647;
			files = (
				878EBC0E2A98D8C2001219F9 /* PTSans-Regular.ttf in Resources */,
				8705D8842A978428002BBDC2 /* LaunchScreen.storyboard in Resources */,
				8705D8812A978428002BBDC2 /* Assets.xcassets in Resources */,
				878EBC0D2A98D8C2001219F9 /* PTSans-Italic.ttf in Resources */,
				878EBC0C2A98D8C2001219F9 /* PTSans-BoldItalic.ttf in Resources */,
				878EBC1B2A98FBCF001219F9 /* Localizable.strings in Resources */,
				87EE80C72A99D27900EF4ADD /* coordinates.gpx in Resources */,
				87C46D232A9E37670094A8F0 /* GoogleService-Info.plist in Resources */,
				8705D87F2A978427002BBDC2 /* Main.storyboard in Resources */,
				878EBC0F2A98D8C2001219F9 /* PTSans-Bold.ttf in Resources */,
			);
			runOnlyForDeploymentPostprocessing = 0;
		};
		9BCAD9EE2BD3F58200B1F8D5 /* Resources */ = {
			isa = PBXResourcesBuildPhase;
			buildActionMask = 2147483647;
			files = (
			);
			runOnlyForDeploymentPostprocessing = 0;
		};
/* End PBXResourcesBuildPhase section */

/* Begin PBXShellScriptBuildPhase section */
		9B9948022B61265F00F41A1D /* SwiftLint */ = {
			isa = PBXShellScriptBuildPhase;
			alwaysOutOfDate = 1;
			buildActionMask = 2147483647;
			files = (
			);
			inputFileListPaths = (
			);
			inputPaths = (
			);
			name = SwiftLint;
			outputFileListPaths = (
			);
			outputPaths = (
			);
			runOnlyForDeploymentPostprocessing = 0;
			shellPath = /bin/sh;
			shellScript = "if which swiftlint >/dev/null; then\n  swiftlint\nelse\n  echo \"warning: SwiftLint not installed, download from https://github.com/realm/SwiftLint\"\nfi\n";
		};
/* End PBXShellScriptBuildPhase section */

/* Begin PBXSourcesBuildPhase section */
		8705D8702A978427002BBDC2 /* Sources */ = {
			isa = PBXSourcesBuildPhase;
			buildActionMask = 2147483647;
			files = (
				8718159D2AA76C0C007CD141 /* EditProfileViewController.swift in Sources */,
				87EE80B02A99C93800EF4ADD /* TrainingViewController.swift in Sources */,
				873BE8552AC2ABC9006DC498 /* String+IsImage.swift in Sources */,
				9B2CCFED2AE8798B007F317A /* TrainingHeaderView.swift in Sources */,
				87EE80C42A99CF0A00EF4ADD /* TimerDataView.swift in Sources */,
				87B551782A9F8A1400726D59 /* AppUser.swift in Sources */,
				9B79BDE02AA4443A00BFA5BC /* CircleTableViewCell.swift in Sources */,
				9B74B3602AF51D2F00904A73 /* ListCollectionViewCell.swift in Sources */,
				8705D8AD2A979621002BBDC2 /* RoundButton.swift in Sources */,
				9BA2E2912AAA820700A947E2 /* HeaderForCircleView.swift in Sources */,
				8705D8A72A978A51002BBDC2 /* ProfileRouter.swift in Sources */,
				9B41055F2B18B46E00637F62 /* DetailedMapViewModel.swift in Sources */,
				878EBC142A98F212001219F9 /* TimerStatsViewModel.swift in Sources */,
				9B783E4D2B444AFB00E29536 /* ChartsConfigurator.swift in Sources */,
				87A8DEEB2AA3087800F49A62 /* DatabaseService.swift in Sources */,
				9B2CCFF62AE87AA8007F317A /* Date+Extensions.swift in Sources */,
				8775B9652AA0C20100EEA6F9 /* GlobalData.swift in Sources */,
				9B783E472B444AD600E29536 /* ChartsViewController.swift in Sources */,
				9B7A6E0D2AFB3110001CC644 /* ListTrainingManager.swift in Sources */,
				87EE80B22A99C93800EF4ADD /* TrainingConfigurator.swift in Sources */,
				871815942AA76418007CD141 /* AuthTextField.swift in Sources */,
				873BE8522AC2AB85006DC498 /* ProfileSneakersCollectionViewCell.swift in Sources */,
				8718159F2AA76C0C007CD141 /* EditProfileConfigurator.swift in Sources */,
				8758968D2AA4CAEA002027FA /* ProfileTableViewCell.swift in Sources */,
				8705D8A62A978A51002BBDC2 /* ProfilePresenter.swift in Sources */,
				87C46D352A9E38530094A8F0 /* RegistrationPresenter.swift in Sources */,
				872F69DF2ABC6DCF00CFCBD1 /* LoggerManager.swift in Sources */,
				8705D87C2A978427002BBDC2 /* ViewController.swift in Sources */,
				9B5AC36C2AEFDCEE009130C0 /* ListTrainingPresenter.swift in Sources */,
				9B4105572B18B23500637F62 /* DetailedInfoViewModel.swift in Sources */,
				873BE8612AC2B010006DC498 /* ListImages.swift in Sources */,
				8705D88D2A978716002BBDC2 /* StartViewController.swift in Sources */,
				8705D88F2A97876F002BBDC2 /* RootMainApplicitionController.swift in Sources */,
				87DFA1DD2AB3431100B20B40 /* ActivityIndicatorProtocol.swift in Sources */,
				878EBC162A98F24F001219F9 /* ConfigurableViewProtocol.swift in Sources */,
				8705D8782A978427002BBDC2 /* AppDelegate.swift in Sources */,
				9B783E4B2B444AEB00E29536 /* ChartsRouter.swift in Sources */,
				9B9424E62B25B8AE005A28E3 /* String+Extension.swift in Sources */,
				87C46D2E2A9E37DF0094A8F0 /* LoginConfigurator.swift in Sources */,
				87C46D372A9E38530094A8F0 /* RegistrationViewController.swift in Sources */,
				8705D8A92A978A51002BBDC2 /* ProfileInteractor.swift in Sources */,
				9B74A9842B1006B7000934FE /* DetailedInfTableViewCell.swift in Sources */,
				875896952AA4D59A002027FA /* UIViewController+ActivityIndicator.swift in Sources */,
				87EE80C12A99CD8A00EF4ADD /* TimerViewModel.swift in Sources */,
				8718159E2AA76C0C007CD141 /* EditProfileInteractor.swift in Sources */,
				9B7E10E72B0C1392000904F1 /* DetailedTrainingInteractor.swift in Sources */,
				9B65883D2AB1EBF2003102F7 /* HelperValueTempsModel.swift in Sources */,
				87C46D392A9E38530094A8F0 /* RegistrationConfigurator.swift in Sources */,
				9B2CCFF32AE87A39007F317A /* TrainingProgressKmView.swift in Sources */,
				87C46D2B2A9E37DF0094A8F0 /* LoginRouter.swift in Sources */,
				8705D8AA2A978A51002BBDC2 /* ProfileConfigurator.swift in Sources */,
				9B4105632B18C31700637F62 /* DetailedEveryKilometrTableViewCell.swift in Sources */,
				9B2CCFF82AE87AC7007F317A /* ProgressTrainingManager.swift in Sources */,
				878EBC192A98FB7E001219F9 /* Digest.swift in Sources */,
				873BE85D2AC2AC73006DC498 /* String+Format.swift in Sources */,
				876A77FD2A9CC7B400E64269 /* AuthViewController.swift in Sources */,
				87C46D382A9E38530094A8F0 /* RegistrationInteractor.swift in Sources */,
				9B79BDDE2AA4397100BFA5BC /* CircleViewModel.swift in Sources */,
				87EE80A52A99C8BB00EF4ADD /* LocationManager.swift in Sources */,
				8705D89F2A978A38002BBDC2 /* StopwatchConfigurator.swift in Sources */,
				878EBC012A98D538001219F9 /*  UIColor+HEX.swift in Sources */,
				873BE84B2AC2A724006DC498 /* ActivityIndicatorView.swift in Sources */,
				9B8605BB2B4AA43500CF5148 /* ChartsManager.swift in Sources */,
				9B8EFD172B271B8F00AC9DBE /* DetailedTrainingEnum.swift in Sources */,
				9B783E492B444AE200E29536 /* ChartsInteractor.swift in Sources */,
				9B7E10EB2B0C13BB000904F1 /* DetailedTrainingConfigurator.swift in Sources */,
				873BE8502AC2AADE006DC498 /* Int+CGFloat.swift in Sources */,
				875896932AA4CDC1002027FA /* ProfileViewModel.swift in Sources */,
				9B5AC36E2AEFDCFB009130C0 /* ListTrainingRouter.swift in Sources */,
				8705D89D2A978A38002BBDC2 /* StopwatchViewController.swift in Sources */,
				9B8605B92B4AA00C00CF5148 /* ChartsDataViewModel.swift in Sources */,
				873BE85F2AC2ACBD006DC498 /* UIImage+RoundedCorners.swift in Sources */,
				9B41055B2B18B35300637F62 /* DetailedEveryKilometrViewModel.swift in Sources */,
				9B41055D2B18B3EC00637F62 /* DetailedPulseViewModel.swift in Sources */,
				8718159C2AA76C0C007CD141 /* EditProfileRouter.swift in Sources */,
				878EBC042A98D7D2001219F9 /* OurFonts.swift in Sources */,
				9B2CCFFE2AE87C4A007F317A /* TrainingCellViewModel.swift in Sources */,
				9B783E452B444AC400E29536 /* ChartsPresenter.swift in Sources */,
				87B18ACB2AC1C1B50069CA69 /* DictionaryConvertible.swift in Sources */,
				9B4105592B18B2F300637F62 /* DetailedResultViewModel.swift in Sources */,
				87EE80A72A99C90B00EF4ADD /* TrainingManager.swift in Sources */,
				9B7E10E92B0C139B000904F1 /* DetailedTrainingRouter.swift in Sources */,
				9B8D90992B1A1D9700885630 /* DetailedTrainingManager.swift in Sources */,
				9B7E10ED2B0C1404000904F1 /* DetailedTrainingPresenter.swift in Sources */,
				9B56AE9B2B2F262300536CF2 /* InformationTrainingManager.swift in Sources */,
				87B18ACE2AC1CF800069CA69 /* ProfileSneakersView.swift in Sources */,
				87C46D2C2A9E37DF0094A8F0 /* LoginViewController.swift in Sources */,
				878EBBFE2A98D4E8001219F9 /* PaletteApp.swift in Sources */,
				873BE85B2AC2AC48006DC498 /* UIImageView+SetImage.swift in Sources */,
				9B5AC36A2AEFDCC8009130C0 /* ListTrainingInteractor.swift in Sources */,
				9B2CCFF12AE879F6007F317A /* TrainingProgressStepView.swift in Sources */,
				9B5AC3702AEFDD0D009130C0 /* ListTrainingViewController.swift in Sources */,
				875896892AA4C2D0002027FA /* UIViewController+Alert.swift in Sources */,
				9B7E10EF2B0C140F000904F1 /* DetailedTrainingViewController.swift in Sources */,
				87EE80AF2A99C93800EF4ADD /* TrainingRouter.swift in Sources */,
				9B5AC3682AEFDCB0009130C0 /* ListTrainingConfigurator.swift in Sources */,
				87EE80BF2A99C95D00EF4ADD /* Training.swift in Sources */,
				87C46D2D2A9E37DF0094A8F0 /* LoginInteractor.swift in Sources */,
				8775B9672AA0D49D00EEA6F9 /* AuthManager.swift in Sources */,
				878EBC112A98E347001219F9 /* TimerStatsLabel.swift in Sources */,
				9B2CCFFA2AE87BDF007F317A /* ProgressBarViewModel.swift in Sources */,
				9B9AD70D2AF7BF3800464951 /* SectionListTrainingModel.swift in Sources */,
				8705D89B2A978A38002BBDC2 /* StopwatchPresenter.swift in Sources */,
				875896912AA4CB5A002027FA /* ProfileTableViewCellViewModel.swift in Sources */,
				9B2CCFEF2AE879BF007F317A /* TrainingTableViewCell.swift in Sources */,
				8705D8B32A979A38002BBDC2 /* Double+Extensions.swift in Sources */,
				87EE80AE2A99C93800EF4ADD /* TrainingPresenter.swift in Sources */,
				8705D89E2A978A38002BBDC2 /* StopwatchInteractor.swift in Sources */,
				87EE80B12A99C93800EF4ADD /* TrainingInteractor.swift in Sources */,
				8705D8A82A978A51002BBDC2 /* ProfileViewController.swift in Sources */,
				9B4105612B18BC5200637F62 /* DetailedResultTableViewCell.swift in Sources */,
				9B2CCFFC2AE87BF4007F317A /* SectionTrainingModel.swift in Sources */,
				8705D89C2A978A38002BBDC2 /* StopwatchRouter.swift in Sources */,
				9B7A519E2B56C01300D77B19 /* ChartDirectionEnum.swift in Sources */,
				87C46D2A2A9E37DF0094A8F0 /* LoginPresenter.swift in Sources */,
				8718159B2AA76C0C007CD141 /* EditProfilePresenter.swift in Sources */,
				873BE84D2AC2AA5F006DC498 /* InfiniteScrollingBehaviour.swift in Sources */,
				8705D87A2A978427002BBDC2 /* SceneDelegate.swift in Sources */,
				8705D8B02A97992A002BBDC2 /* TimerManager.swift in Sources */,
				87C46D362A9E38530094A8F0 /* RegistrationRouter.swift in Sources */,
				9B9AD70B2AF7BAA900464951 /* ListHeaderCollectionView.swift in Sources */,
			);
			runOnlyForDeploymentPostprocessing = 0;
		};
		9BCAD9EC2BD3F58200B1F8D5 /* Sources */ = {
			isa = PBXSourcesBuildPhase;
			buildActionMask = 2147483647;
			files = (
				9BA4017E2BD4F9D200199125 /* UnitRunTestsCharts.swift in Sources */,
				9BCAD9F32BD3F58200B1F8D5 /* UnitRunTestsTrainingManager.swift in Sources */,
			);
			runOnlyForDeploymentPostprocessing = 0;
		};
/* End PBXSourcesBuildPhase section */

/* Begin PBXTargetDependency section */
		9BCAD9F52BD3F58200B1F8D5 /* PBXTargetDependency */ = {
			isa = PBXTargetDependency;
			target = 8705D8732A978427002BBDC2 /* Run */;
			targetProxy = 9BCAD9F42BD3F58200B1F8D5 /* PBXContainerItemProxy */;
		};
/* End PBXTargetDependency section */

/* Begin PBXVariantGroup section */
		8705D87D2A978427002BBDC2 /* Main.storyboard */ = {
			isa = PBXVariantGroup;
			children = (
				8705D87E2A978427002BBDC2 /* Base */,
			);
			name = Main.storyboard;
			sourceTree = "<group>";
		};
		8705D8822A978428002BBDC2 /* LaunchScreen.storyboard */ = {
			isa = PBXVariantGroup;
			children = (
				8705D8832A978428002BBDC2 /* Base */,
			);
			name = LaunchScreen.storyboard;
			sourceTree = "<group>";
		};
/* End PBXVariantGroup section */

/* Begin XCBuildConfiguration section */
		8705D8862A978428002BBDC2 /* Debug */ = {
			isa = XCBuildConfiguration;
			buildSettings = {
				ALWAYS_SEARCH_USER_PATHS = NO;
				ASSETCATALOG_COMPILER_GENERATE_SWIFT_ASSET_SYMBOL_EXTENSIONS = YES;
				CLANG_ANALYZER_NONNULL = YES;
				CLANG_ANALYZER_NUMBER_OBJECT_CONVERSION = YES_AGGRESSIVE;
				CLANG_CXX_LANGUAGE_STANDARD = "gnu++20";
				CLANG_ENABLE_MODULES = YES;
				CLANG_ENABLE_OBJC_ARC = YES;
				CLANG_ENABLE_OBJC_WEAK = YES;
				CLANG_WARN_BLOCK_CAPTURE_AUTORELEASING = YES;
				CLANG_WARN_BOOL_CONVERSION = YES;
				CLANG_WARN_COMMA = YES;
				CLANG_WARN_CONSTANT_CONVERSION = YES;
				CLANG_WARN_DEPRECATED_OBJC_IMPLEMENTATIONS = YES;
				CLANG_WARN_DIRECT_OBJC_ISA_USAGE = YES_ERROR;
				CLANG_WARN_DOCUMENTATION_COMMENTS = YES;
				CLANG_WARN_EMPTY_BODY = YES;
				CLANG_WARN_ENUM_CONVERSION = YES;
				CLANG_WARN_INFINITE_RECURSION = YES;
				CLANG_WARN_INT_CONVERSION = YES;
				CLANG_WARN_NON_LITERAL_NULL_CONVERSION = YES;
				CLANG_WARN_OBJC_IMPLICIT_RETAIN_SELF = YES;
				CLANG_WARN_OBJC_LITERAL_CONVERSION = YES;
				CLANG_WARN_OBJC_ROOT_CLASS = YES_ERROR;
				CLANG_WARN_QUOTED_INCLUDE_IN_FRAMEWORK_HEADER = YES;
				CLANG_WARN_RANGE_LOOP_ANALYSIS = YES;
				CLANG_WARN_STRICT_PROTOTYPES = YES;
				CLANG_WARN_SUSPICIOUS_MOVE = YES;
				CLANG_WARN_UNGUARDED_AVAILABILITY = YES_AGGRESSIVE;
				CLANG_WARN_UNREACHABLE_CODE = YES;
				CLANG_WARN__DUPLICATE_METHOD_MATCH = YES;
				COPY_PHASE_STRIP = NO;
				DEBUG_INFORMATION_FORMAT = dwarf;
				ENABLE_STRICT_OBJC_MSGSEND = YES;
				ENABLE_TESTABILITY = YES;
				ENABLE_USER_SCRIPT_SANDBOXING = NO;
				GCC_C_LANGUAGE_STANDARD = gnu11;
				GCC_DYNAMIC_NO_PIC = NO;
				GCC_NO_COMMON_BLOCKS = YES;
				GCC_OPTIMIZATION_LEVEL = 0;
				GCC_PREPROCESSOR_DEFINITIONS = (
					"DEBUG=1",
					"$(inherited)",
				);
				GCC_WARN_64_TO_32_BIT_CONVERSION = YES;
				GCC_WARN_ABOUT_RETURN_TYPE = YES_ERROR;
				GCC_WARN_UNDECLARED_SELECTOR = YES;
				GCC_WARN_UNINITIALIZED_AUTOS = YES_AGGRESSIVE;
				GCC_WARN_UNUSED_FUNCTION = YES;
				GCC_WARN_UNUSED_VARIABLE = YES;
				IPHONEOS_DEPLOYMENT_TARGET = 15.0;
				MTL_ENABLE_DEBUG_INFO = INCLUDE_SOURCE;
				MTL_FAST_MATH = YES;
				ONLY_ACTIVE_ARCH = YES;
				SDKROOT = iphoneos;
				SWIFT_ACTIVE_COMPILATION_CONDITIONS = DEBUG;
				SWIFT_OPTIMIZATION_LEVEL = "-Onone";
			};
			name = Debug;
		};
		8705D8872A978428002BBDC2 /* Release */ = {
			isa = XCBuildConfiguration;
			buildSettings = {
				ALWAYS_SEARCH_USER_PATHS = NO;
				ASSETCATALOG_COMPILER_GENERATE_SWIFT_ASSET_SYMBOL_EXTENSIONS = YES;
				CLANG_ANALYZER_NONNULL = YES;
				CLANG_ANALYZER_NUMBER_OBJECT_CONVERSION = YES_AGGRESSIVE;
				CLANG_CXX_LANGUAGE_STANDARD = "gnu++20";
				CLANG_ENABLE_MODULES = YES;
				CLANG_ENABLE_OBJC_ARC = YES;
				CLANG_ENABLE_OBJC_WEAK = YES;
				CLANG_WARN_BLOCK_CAPTURE_AUTORELEASING = YES;
				CLANG_WARN_BOOL_CONVERSION = YES;
				CLANG_WARN_COMMA = YES;
				CLANG_WARN_CONSTANT_CONVERSION = YES;
				CLANG_WARN_DEPRECATED_OBJC_IMPLEMENTATIONS = YES;
				CLANG_WARN_DIRECT_OBJC_ISA_USAGE = YES_ERROR;
				CLANG_WARN_DOCUMENTATION_COMMENTS = YES;
				CLANG_WARN_EMPTY_BODY = YES;
				CLANG_WARN_ENUM_CONVERSION = YES;
				CLANG_WARN_INFINITE_RECURSION = YES;
				CLANG_WARN_INT_CONVERSION = YES;
				CLANG_WARN_NON_LITERAL_NULL_CONVERSION = YES;
				CLANG_WARN_OBJC_IMPLICIT_RETAIN_SELF = YES;
				CLANG_WARN_OBJC_LITERAL_CONVERSION = YES;
				CLANG_WARN_OBJC_ROOT_CLASS = YES_ERROR;
				CLANG_WARN_QUOTED_INCLUDE_IN_FRAMEWORK_HEADER = YES;
				CLANG_WARN_RANGE_LOOP_ANALYSIS = YES;
				CLANG_WARN_STRICT_PROTOTYPES = YES;
				CLANG_WARN_SUSPICIOUS_MOVE = YES;
				CLANG_WARN_UNGUARDED_AVAILABILITY = YES_AGGRESSIVE;
				CLANG_WARN_UNREACHABLE_CODE = YES;
				CLANG_WARN__DUPLICATE_METHOD_MATCH = YES;
				COPY_PHASE_STRIP = NO;
				DEBUG_INFORMATION_FORMAT = "dwarf-with-dsym";
				ENABLE_NS_ASSERTIONS = NO;
				ENABLE_STRICT_OBJC_MSGSEND = YES;
				ENABLE_USER_SCRIPT_SANDBOXING = NO;
				GCC_C_LANGUAGE_STANDARD = gnu11;
				GCC_NO_COMMON_BLOCKS = YES;
				GCC_WARN_64_TO_32_BIT_CONVERSION = YES;
				GCC_WARN_ABOUT_RETURN_TYPE = YES_ERROR;
				GCC_WARN_UNDECLARED_SELECTOR = YES;
				GCC_WARN_UNINITIALIZED_AUTOS = YES_AGGRESSIVE;
				GCC_WARN_UNUSED_FUNCTION = YES;
				GCC_WARN_UNUSED_VARIABLE = YES;
				IPHONEOS_DEPLOYMENT_TARGET = 15.0;
				MTL_ENABLE_DEBUG_INFO = NO;
				MTL_FAST_MATH = YES;
				SDKROOT = iphoneos;
				SWIFT_COMPILATION_MODE = wholemodule;
				SWIFT_OPTIMIZATION_LEVEL = "-O";
				VALIDATE_PRODUCT = YES;
			};
			name = Release;
		};
		8705D8892A978428002BBDC2 /* Debug */ = {
			isa = XCBuildConfiguration;
			buildSettings = {
				ASSETCATALOG_COMPILER_APPICON_NAME = AppIcon;
				ASSETCATALOG_COMPILER_GLOBAL_ACCENT_COLOR_NAME = AccentColor;
				CODE_SIGN_IDENTITY = "Apple Development";
				CODE_SIGN_STYLE = Automatic;
				CURRENT_PROJECT_VERSION = 1;
				DEVELOPMENT_TEAM = "";
				GENERATE_INFOPLIST_FILE = YES;
				INFOPLIST_FILE = Run/Info.plist;
				INFOPLIST_KEY_NSLocationAlwaysUsageDescription = "This app lets you keep track of interesting places. It needs access to the GPS coordinates for your location";
				INFOPLIST_KEY_NSLocationWhenInUseUsageDescription = "This app lets you keep track of interesting places. It needs access to the GPS coordinates for your location";
				INFOPLIST_KEY_UIApplicationSupportsIndirectInputEvents = YES;
				INFOPLIST_KEY_UILaunchStoryboardName = LaunchScreen;
				INFOPLIST_KEY_UIMainStoryboardFile = Main;
				INFOPLIST_KEY_UISupportedInterfaceOrientations = UIInterfaceOrientationPortrait;
				IPHONEOS_DEPLOYMENT_TARGET = 15.0;
				LD_RUNPATH_SEARCH_PATHS = (
					"$(inherited)",
					"@executable_path/Frameworks",
				);
				MARKETING_VERSION = 1.0;
				PRODUCT_BUNDLE_IDENTIFIER = LukichevSergey.Run;
				PRODUCT_NAME = "$(TARGET_NAME)";
				PROVISIONING_PROFILE_SPECIFIER = "";
				SWIFT_EMIT_LOC_STRINGS = YES;
				SWIFT_VERSION = 5.0;
				TARGETED_DEVICE_FAMILY = "1,2";
			};
			name = Debug;
		};
		8705D88A2A978428002BBDC2 /* Release */ = {
			isa = XCBuildConfiguration;
			buildSettings = {
				ASSETCATALOG_COMPILER_APPICON_NAME = AppIcon;
				ASSETCATALOG_COMPILER_GLOBAL_ACCENT_COLOR_NAME = AccentColor;
				CODE_SIGN_IDENTITY = "Apple Development";
				CODE_SIGN_STYLE = Automatic;
				CURRENT_PROJECT_VERSION = 1;
				DEVELOPMENT_TEAM = "";
				GENERATE_INFOPLIST_FILE = YES;
				INFOPLIST_FILE = Run/Info.plist;
				INFOPLIST_KEY_NSLocationAlwaysUsageDescription = "This app lets you keep track of interesting places. It needs access to the GPS coordinates for your location";
				INFOPLIST_KEY_NSLocationWhenInUseUsageDescription = "This app lets you keep track of interesting places. It needs access to the GPS coordinates for your location";
				INFOPLIST_KEY_UIApplicationSupportsIndirectInputEvents = YES;
				INFOPLIST_KEY_UILaunchStoryboardName = LaunchScreen;
				INFOPLIST_KEY_UIMainStoryboardFile = Main;
				INFOPLIST_KEY_UISupportedInterfaceOrientations = UIInterfaceOrientationPortrait;
				IPHONEOS_DEPLOYMENT_TARGET = 15.0;
				LD_RUNPATH_SEARCH_PATHS = (
					"$(inherited)",
					"@executable_path/Frameworks",
				);
				MARKETING_VERSION = 1.0;
				PRODUCT_BUNDLE_IDENTIFIER = LukichevSergey.Run;
				PRODUCT_NAME = "$(TARGET_NAME)";
				PROVISIONING_PROFILE_SPECIFIER = "";
				SWIFT_EMIT_LOC_STRINGS = YES;
				SWIFT_VERSION = 5.0;
				TARGETED_DEVICE_FAMILY = "1,2";
			};
			name = Release;
		};
		9BCAD9F62BD3F58200B1F8D5 /* Debug */ = {
			isa = XCBuildConfiguration;
			buildSettings = {
				BUNDLE_LOADER = "$(TEST_HOST)";
				CODE_SIGN_STYLE = Automatic;
				CURRENT_PROJECT_VERSION = 1;
				DEAD_CODE_STRIPPING = YES;
				DEVELOPMENT_TEAM = GX86CHN34S;
				ENABLE_USER_SCRIPT_SANDBOXING = YES;
				GCC_C_LANGUAGE_STANDARD = gnu17;
				GENERATE_INFOPLIST_FILE = YES;
				IPHONEOS_DEPLOYMENT_TARGET = 17.0;
				LOCALIZATION_PREFERS_STRING_CATALOGS = YES;
				MACOSX_DEPLOYMENT_TARGET = 14.4;
				MARKETING_VERSION = 1.0;
				PRODUCT_BUNDLE_IDENTIFIER = "Kutasov-Evgenii.UnitRunTests";
				PRODUCT_NAME = "$(TARGET_NAME)";
				SDKROOT = auto;
				SUPPORTED_PLATFORMS = "iphoneos iphonesimulator macosx";
				SWIFT_ACTIVE_COMPILATION_CONDITIONS = "DEBUG $(inherited)";
				SWIFT_EMIT_LOC_STRINGS = NO;
				SWIFT_VERSION = 5.0;
				TARGETED_DEVICE_FAMILY = "1,2";
				TEST_HOST = "$(BUILT_PRODUCTS_DIR)/Run.app/$(BUNDLE_EXECUTABLE_FOLDER_PATH)/Run";
			};
			name = Debug;
		};
		9BCAD9F72BD3F58200B1F8D5 /* Release */ = {
			isa = XCBuildConfiguration;
			buildSettings = {
				BUNDLE_LOADER = "$(TEST_HOST)";
				CODE_SIGN_STYLE = Automatic;
				CURRENT_PROJECT_VERSION = 1;
				DEAD_CODE_STRIPPING = YES;
				DEVELOPMENT_TEAM = GX86CHN34S;
				ENABLE_USER_SCRIPT_SANDBOXING = YES;
				GCC_C_LANGUAGE_STANDARD = gnu17;
				GENERATE_INFOPLIST_FILE = YES;
				IPHONEOS_DEPLOYMENT_TARGET = 17.0;
				LOCALIZATION_PREFERS_STRING_CATALOGS = YES;
				MACOSX_DEPLOYMENT_TARGET = 14.4;
				MARKETING_VERSION = 1.0;
				PRODUCT_BUNDLE_IDENTIFIER = "Kutasov-Evgenii.UnitRunTests";
				PRODUCT_NAME = "$(TARGET_NAME)";
				SDKROOT = auto;
				SUPPORTED_PLATFORMS = "iphoneos iphonesimulator macosx";
				SWIFT_EMIT_LOC_STRINGS = NO;
				SWIFT_VERSION = 5.0;
				TARGETED_DEVICE_FAMILY = "1,2";
				TEST_HOST = "$(BUILT_PRODUCTS_DIR)/Run.app/$(BUNDLE_EXECUTABLE_FOLDER_PATH)/Run";
			};
			name = Release;
		};
/* End XCBuildConfiguration section */

/* Begin XCConfigurationList section */
		8705D86F2A978427002BBDC2 /* Build configuration list for PBXProject "Run" */ = {
			isa = XCConfigurationList;
			buildConfigurations = (
				8705D8862A978428002BBDC2 /* Debug */,
				8705D8872A978428002BBDC2 /* Release */,
			);
			defaultConfigurationIsVisible = 0;
			defaultConfigurationName = Release;
		};
		8705D8882A978428002BBDC2 /* Build configuration list for PBXNativeTarget "Run" */ = {
			isa = XCConfigurationList;
			buildConfigurations = (
				8705D8892A978428002BBDC2 /* Debug */,
				8705D88A2A978428002BBDC2 /* Release */,
			);
			defaultConfigurationIsVisible = 0;
			defaultConfigurationName = Release;
		};
		9BCAD9F82BD3F58200B1F8D5 /* Build configuration list for PBXNativeTarget "UnitRunTests" */ = {
			isa = XCConfigurationList;
			buildConfigurations = (
				9BCAD9F62BD3F58200B1F8D5 /* Debug */,
				9BCAD9F72BD3F58200B1F8D5 /* Release */,
			);
			defaultConfigurationIsVisible = 0;
			defaultConfigurationName = Release;
		};
/* End XCConfigurationList section */

/* Begin XCRemoteSwiftPackageReference section */
		8705D8922A9789AD002BBDC2 /* XCRemoteSwiftPackageReference "SnapKit" */ = {
			isa = XCRemoteSwiftPackageReference;
			repositoryURL = "https://github.com/SnapKit/SnapKit";
			requirement = {
				kind = upToNextMajorVersion;
				minimumVersion = 5.0.0;
			};
		};
		873BE8562AC2AC24006DC498 /* XCRemoteSwiftPackageReference "Kingfisher" */ = {
			isa = XCRemoteSwiftPackageReference;
			repositoryURL = "https://github.com/onevcat/Kingfisher";
			requirement = {
				kind = upToNextMajorVersion;
				minimumVersion = 7.9.1;
			};
		};
		87A8DEE12AA3061E00F49A62 /* XCRemoteSwiftPackageReference "firebase-ios-sdk" */ = {
			isa = XCRemoteSwiftPackageReference;
			repositoryURL = "https://github.com/firebase/firebase-ios-sdk";
			requirement = {
				kind = upToNextMajorVersion;
				minimumVersion = 10.0.0;
			};
		};
		87DFA1DE2AB346C900B20B40 /* XCRemoteSwiftPackageReference "swift-collections" */ = {
			isa = XCRemoteSwiftPackageReference;
			repositoryURL = "https://github.com/apple/swift-collections.git";
			requirement = {
				kind = upToNextMajorVersion;
				minimumVersion = 1.0.0;
			};
		};
		9B86E9882B77A9F100634D00 /* XCRemoteSwiftPackageReference "SwipeCellKit" */ = {
			isa = XCRemoteSwiftPackageReference;
			repositoryURL = "https://github.com/SwipeCellKit/SwipeCellKit.git";
			requirement = {
				kind = upToNextMajorVersion;
				minimumVersion = 2.7.1;
			};
		};
		9B94D4A22B44F92A006CDA0B /* XCRemoteSwiftPackageReference "Charts" */ = {
			isa = XCRemoteSwiftPackageReference;
			repositoryURL = "https://github.com/danielgindi/Charts.git";
			requirement = {
				kind = upToNextMajorVersion;
				minimumVersion = 5.0.0;
			};
		};
/* End XCRemoteSwiftPackageReference section */

/* Begin XCSwiftPackageProductDependency section */
		8705D8932A9789AD002BBDC2 /* SnapKit */ = {
			isa = XCSwiftPackageProductDependency;
			package = 8705D8922A9789AD002BBDC2 /* XCRemoteSwiftPackageReference "SnapKit" */;
			productName = SnapKit;
		};
		873BE8572AC2AC24006DC498 /* Kingfisher */ = {
			isa = XCSwiftPackageProductDependency;
			package = 873BE8562AC2AC24006DC498 /* XCRemoteSwiftPackageReference "Kingfisher" */;
			productName = Kingfisher;
		};
		87A8DEE22AA3061E00F49A62 /* FirebaseAuth */ = {
			isa = XCSwiftPackageProductDependency;
			package = 87A8DEE12AA3061E00F49A62 /* XCRemoteSwiftPackageReference "firebase-ios-sdk" */;
			productName = FirebaseAuth;
		};
		87A8DEE42AA3061E00F49A62 /* FirebaseDatabase */ = {
			isa = XCSwiftPackageProductDependency;
			package = 87A8DEE12AA3061E00F49A62 /* XCRemoteSwiftPackageReference "firebase-ios-sdk" */;
			productName = FirebaseDatabase;
		};
		87A8DEE62AA3061E00F49A62 /* FirebaseFirestore */ = {
			isa = XCSwiftPackageProductDependency;
			package = 87A8DEE12AA3061E00F49A62 /* XCRemoteSwiftPackageReference "firebase-ios-sdk" */;
			productName = FirebaseFirestore;
		};
		87A8DEE82AA3061E00F49A62 /* FirebaseStorage */ = {
			isa = XCSwiftPackageProductDependency;
			package = 87A8DEE12AA3061E00F49A62 /* XCRemoteSwiftPackageReference "firebase-ios-sdk" */;
			productName = FirebaseStorage;
		};
		87DFA1DF2AB346C900B20B40 /* OrderedCollections */ = {
			isa = XCSwiftPackageProductDependency;
			package = 87DFA1DE2AB346C900B20B40 /* XCRemoteSwiftPackageReference "swift-collections" */;
			productName = OrderedCollections;
		};
		9B86E9892B77A9F100634D00 /* SwipeCellKit */ = {
			isa = XCSwiftPackageProductDependency;
			package = 9B86E9882B77A9F100634D00 /* XCRemoteSwiftPackageReference "SwipeCellKit" */;
			productName = SwipeCellKit;
		};
		9B94D4A32B44F92A006CDA0B /* DGCharts */ = {
			isa = XCSwiftPackageProductDependency;
			package = 9B94D4A22B44F92A006CDA0B /* XCRemoteSwiftPackageReference "Charts" */;
			productName = DGCharts;
		};
/* End XCSwiftPackageProductDependency section */
	};
	rootObject = 8705D86C2A978427002BBDC2 /* Project object */;
}
